// !$*UTF8*$!
{
	archiveVersion = 1;
	classes = {
	};
	objectVersion = 46;
	objects = {

/* Begin PBXBuildFile section */
		4C9E81E11F31B0D100263DDA /* AppDelegate.swift in Sources */ = {isa = PBXBuildFile; fileRef = 4C9E81E01F31B0D100263DDA /* AppDelegate.swift */; };
		4C9E81E31F31B0D100263DDA /* ViewController.swift in Sources */ = {isa = PBXBuildFile; fileRef = 4C9E81E21F31B0D100263DDA /* ViewController.swift */; };
		4C9E81E61F31B0D100263DDA /* Main.storyboard in Resources */ = {isa = PBXBuildFile; fileRef = 4C9E81E41F31B0D100263DDA /* Main.storyboard */; };
		4C9E81E91F31B0D100263DDA /* DramaChallengeApp.xcdatamodeld in Sources */ = {isa = PBXBuildFile; fileRef = 4C9E81E71F31B0D100263DDA /* DramaChallengeApp.xcdatamodeld */; };
		4C9E81EB1F31B0D100263DDA /* Assets.xcassets in Resources */ = {isa = PBXBuildFile; fileRef = 4C9E81EA1F31B0D100263DDA /* Assets.xcassets */; };
		4C9E81EE1F31B0D100263DDA /* LaunchScreen.storyboard in Resources */ = {isa = PBXBuildFile; fileRef = 4C9E81EC1F31B0D100263DDA /* LaunchScreen.storyboard */; };
		4C9E81F91F31B0D100263DDA /* DramaChallengeAppTests.swift in Sources */ = {isa = PBXBuildFile; fileRef = 4C9E81F81F31B0D100263DDA /* DramaChallengeAppTests.swift */; };
		4C9E82041F31B0D200263DDA /* DramaChallengeAppUITests.swift in Sources */ = {isa = PBXBuildFile; fileRef = 4C9E82031F31B0D200263DDA /* DramaChallengeAppUITests.swift */; };
		58D79F10DD1BDBD519A0E4FC /* Pods_DramaChallengeAppUITests.framework in Frameworks */ = {isa = PBXBuildFile; fileRef = 30BBB27404D49D35B79F2E07 /* Pods_DramaChallengeAppUITests.framework */; };
		5B12206906693D3811729EA6 /* Pods_DramaChallengeApp.framework in Frameworks */ = {isa = PBXBuildFile; fileRef = 318D9E92DE450B8BFEB2889E /* Pods_DramaChallengeApp.framework */; };
		CE615D14759CBBF484A4C285 /* Pods_DramaChallengeAppTests.framework in Frameworks */ = {isa = PBXBuildFile; fileRef = EACF1806C9F5B99BF0CB8B8A /* Pods_DramaChallengeAppTests.framework */; };
/* End PBXBuildFile section */

/* Begin PBXContainerItemProxy section */
		4C9E81F51F31B0D100263DDA /* PBXContainerItemProxy */ = {
			isa = PBXContainerItemProxy;
			containerPortal = 4C9E81D51F31B0D100263DDA /* Project object */;
			proxyType = 1;
			remoteGlobalIDString = 4C9E81DC1F31B0D100263DDA;
			remoteInfo = DramaChallengeApp;
		};
		4C9E82001F31B0D100263DDA /* PBXContainerItemProxy */ = {
			isa = PBXContainerItemProxy;
			containerPortal = 4C9E81D51F31B0D100263DDA /* Project object */;
			proxyType = 1;
			remoteGlobalIDString = 4C9E81DC1F31B0D100263DDA;
			remoteInfo = DramaChallengeApp;
		};
/* End PBXContainerItemProxy section */

/* Begin PBXFileReference section */
		30BBB27404D49D35B79F2E07 /* Pods_DramaChallengeAppUITests.framework */ = {isa = PBXFileReference; explicitFileType = wrapper.framework; includeInIndex = 0; path = Pods_DramaChallengeAppUITests.framework; sourceTree = BUILT_PRODUCTS_DIR; };
		318D9E92DE450B8BFEB2889E /* Pods_DramaChallengeApp.framework */ = {isa = PBXFileReference; explicitFileType = wrapper.framework; includeInIndex = 0; path = Pods_DramaChallengeApp.framework; sourceTree = BUILT_PRODUCTS_DIR; };
		374A67EF9D443C584961E900 /* Pods-DramaChallengeAppTests.debug.xcconfig */ = {isa = PBXFileReference; includeInIndex = 1; lastKnownFileType = text.xcconfig; name = "Pods-DramaChallengeAppTests.debug.xcconfig"; path = "Pods/Target Support Files/Pods-DramaChallengeAppTests/Pods-DramaChallengeAppTests.debug.xcconfig"; sourceTree = "<group>"; };
		393B295B2367180D877304BC /* Pods-DramaChallengeAppUITests.debug.xcconfig */ = {isa = PBXFileReference; includeInIndex = 1; lastKnownFileType = text.xcconfig; name = "Pods-DramaChallengeAppUITests.debug.xcconfig"; path = "Pods/Target Support Files/Pods-DramaChallengeAppUITests/Pods-DramaChallengeAppUITests.debug.xcconfig"; sourceTree = "<group>"; };
		4C6083BC2261ACD4DDE51A14 /* Pods-DramaChallengeAppTests.release.xcconfig */ = {isa = PBXFileReference; includeInIndex = 1; lastKnownFileType = text.xcconfig; name = "Pods-DramaChallengeAppTests.release.xcconfig"; path = "Pods/Target Support Files/Pods-DramaChallengeAppTests/Pods-DramaChallengeAppTests.release.xcconfig"; sourceTree = "<group>"; };
		4C9E81DD1F31B0D100263DDA /* DramaChallengeApp.app */ = {isa = PBXFileReference; explicitFileType = wrapper.application; includeInIndex = 0; path = DramaChallengeApp.app; sourceTree = BUILT_PRODUCTS_DIR; };
		4C9E81E01F31B0D100263DDA /* AppDelegate.swift */ = {isa = PBXFileReference; lastKnownFileType = sourcecode.swift; path = AppDelegate.swift; sourceTree = "<group>"; };
		4C9E81E21F31B0D100263DDA /* ViewController.swift */ = {isa = PBXFileReference; lastKnownFileType = sourcecode.swift; path = ViewController.swift; sourceTree = "<group>"; };
		4C9E81E51F31B0D100263DDA /* Base */ = {isa = PBXFileReference; lastKnownFileType = file.storyboard; name = Base; path = Base.lproj/Main.storyboard; sourceTree = "<group>"; };
		4C9E81E81F31B0D100263DDA /* DramaChallengeApp.xcdatamodel */ = {isa = PBXFileReference; lastKnownFileType = wrapper.xcdatamodel; path = DramaChallengeApp.xcdatamodel; sourceTree = "<group>"; };
		4C9E81EA1F31B0D100263DDA /* Assets.xcassets */ = {isa = PBXFileReference; lastKnownFileType = folder.assetcatalog; path = Assets.xcassets; sourceTree = "<group>"; };
		4C9E81ED1F31B0D100263DDA /* Base */ = {isa = PBXFileReference; lastKnownFileType = file.storyboard; name = Base; path = Base.lproj/LaunchScreen.storyboard; sourceTree = "<group>"; };
		4C9E81EF1F31B0D100263DDA /* Info.plist */ = {isa = PBXFileReference; lastKnownFileType = text.plist.xml; path = Info.plist; sourceTree = "<group>"; };
		4C9E81F41F31B0D100263DDA /* DramaChallengeAppTests.xctest */ = {isa = PBXFileReference; explicitFileType = wrapper.cfbundle; includeInIndex = 0; path = DramaChallengeAppTests.xctest; sourceTree = BUILT_PRODUCTS_DIR; };
		4C9E81F81F31B0D100263DDA /* DramaChallengeAppTests.swift */ = {isa = PBXFileReference; lastKnownFileType = sourcecode.swift; path = DramaChallengeAppTests.swift; sourceTree = "<group>"; };
		4C9E81FA1F31B0D100263DDA /* Info.plist */ = {isa = PBXFileReference; lastKnownFileType = text.plist.xml; path = Info.plist; sourceTree = "<group>"; };
		4C9E81FF1F31B0D100263DDA /* DramaChallengeAppUITests.xctest */ = {isa = PBXFileReference; explicitFileType = wrapper.cfbundle; includeInIndex = 0; path = DramaChallengeAppUITests.xctest; sourceTree = BUILT_PRODUCTS_DIR; };
		4C9E82031F31B0D200263DDA /* DramaChallengeAppUITests.swift */ = {isa = PBXFileReference; lastKnownFileType = sourcecode.swift; path = DramaChallengeAppUITests.swift; sourceTree = "<group>"; };
		4C9E82051F31B0D200263DDA /* Info.plist */ = {isa = PBXFileReference; lastKnownFileType = text.plist.xml; path = Info.plist; sourceTree = "<group>"; };
		7C3AA65F8A85C67248F6F04C /* Pods-DramaChallengeAppUITests.release.xcconfig */ = {isa = PBXFileReference; includeInIndex = 1; lastKnownFileType = text.xcconfig; name = "Pods-DramaChallengeAppUITests.release.xcconfig"; path = "Pods/Target Support Files/Pods-DramaChallengeAppUITests/Pods-DramaChallengeAppUITests.release.xcconfig"; sourceTree = "<group>"; };
		A6D8BE2DFE8B8E016DEB5298 /* Pods-DramaChallengeApp.release.xcconfig */ = {isa = PBXFileReference; includeInIndex = 1; lastKnownFileType = text.xcconfig; name = "Pods-DramaChallengeApp.release.xcconfig"; path = "Pods/Target Support Files/Pods-DramaChallengeApp/Pods-DramaChallengeApp.release.xcconfig"; sourceTree = "<group>"; };
		AC474F140FF5C570E4D01D87 /* Pods-DramaChallengeApp.debug.xcconfig */ = {isa = PBXFileReference; includeInIndex = 1; lastKnownFileType = text.xcconfig; name = "Pods-DramaChallengeApp.debug.xcconfig"; path = "Pods/Target Support Files/Pods-DramaChallengeApp/Pods-DramaChallengeApp.debug.xcconfig"; sourceTree = "<group>"; };
		EACF1806C9F5B99BF0CB8B8A /* Pods_DramaChallengeAppTests.framework */ = {isa = PBXFileReference; explicitFileType = wrapper.framework; includeInIndex = 0; path = Pods_DramaChallengeAppTests.framework; sourceTree = BUILT_PRODUCTS_DIR; };
/* End PBXFileReference section */

/* Begin PBXFrameworksBuildPhase section */
		4C9E81DA1F31B0D100263DDA /* Frameworks */ = {
			isa = PBXFrameworksBuildPhase;
			buildActionMask = 2147483647;
			files = (
				5B12206906693D3811729EA6 /* Pods_DramaChallengeApp.framework in Frameworks */,
			);
			runOnlyForDeploymentPostprocessing = 0;
		};
		4C9E81F11F31B0D100263DDA /* Frameworks */ = {
			isa = PBXFrameworksBuildPhase;
			buildActionMask = 2147483647;
			files = (
				CE615D14759CBBF484A4C285 /* Pods_DramaChallengeAppTests.framework in Frameworks */,
			);
			runOnlyForDeploymentPostprocessing = 0;
		};
		4C9E81FC1F31B0D100263DDA /* Frameworks */ = {
			isa = PBXFrameworksBuildPhase;
			buildActionMask = 2147483647;
			files = (
				58D79F10DD1BDBD519A0E4FC /* Pods_DramaChallengeAppUITests.framework in Frameworks */,
			);
			runOnlyForDeploymentPostprocessing = 0;
		};
/* End PBXFrameworksBuildPhase section */

/* Begin PBXGroup section */
		4C9E81D41F31B0D100263DDA = {
			isa = PBXGroup;
			children = (
				4C9E81DF1F31B0D100263DDA /* DramaChallengeApp */,
				4C9E81F71F31B0D100263DDA /* DramaChallengeAppTests */,
				4C9E82021F31B0D100263DDA /* DramaChallengeAppUITests */,
				4C9E81DE1F31B0D100263DDA /* Products */,
				AA7957DD9E4BCA90D2220ADC /* Pods */,
				E463B41CC11DB2B1D2C9F076 /* Frameworks */,
			);
			sourceTree = "<group>";
		};
		4C9E81DE1F31B0D100263DDA /* Products */ = {
			isa = PBXGroup;
			children = (
				4C9E81DD1F31B0D100263DDA /* DramaChallengeApp.app */,
				4C9E81F41F31B0D100263DDA /* DramaChallengeAppTests.xctest */,
				4C9E81FF1F31B0D100263DDA /* DramaChallengeAppUITests.xctest */,
			);
			name = Products;
			sourceTree = "<group>";
		};
		4C9E81DF1F31B0D100263DDA /* DramaChallengeApp */ = {
			isa = PBXGroup;
			children = (
				4C9E81E01F31B0D100263DDA /* AppDelegate.swift */,
				4C9E81E21F31B0D100263DDA /* ViewController.swift */,
				4C9E81E41F31B0D100263DDA /* Main.storyboard */,
				4C9E81EA1F31B0D100263DDA /* Assets.xcassets */,
				4C9E81EC1F31B0D100263DDA /* LaunchScreen.storyboard */,
				4C9E81EF1F31B0D100263DDA /* Info.plist */,
				4C9E81E71F31B0D100263DDA /* DramaChallengeApp.xcdatamodeld */,
			);
			path = DramaChallengeApp;
			sourceTree = "<group>";
		};
		4C9E81F71F31B0D100263DDA /* DramaChallengeAppTests */ = {
			isa = PBXGroup;
			children = (
				4C9E81F81F31B0D100263DDA /* DramaChallengeAppTests.swift */,
				4C9E81FA1F31B0D100263DDA /* Info.plist */,
			);
			path = DramaChallengeAppTests;
			sourceTree = "<group>";
		};
		4C9E82021F31B0D100263DDA /* DramaChallengeAppUITests */ = {
			isa = PBXGroup;
			children = (
				4C9E82031F31B0D200263DDA /* DramaChallengeAppUITests.swift */,
				4C9E82051F31B0D200263DDA /* Info.plist */,
			);
			path = DramaChallengeAppUITests;
			sourceTree = "<group>";
		};
		AA7957DD9E4BCA90D2220ADC /* Pods */ = {
			isa = PBXGroup;
			children = (
				AC474F140FF5C570E4D01D87 /* Pods-DramaChallengeApp.debug.xcconfig */,
				A6D8BE2DFE8B8E016DEB5298 /* Pods-DramaChallengeApp.release.xcconfig */,
				374A67EF9D443C584961E900 /* Pods-DramaChallengeAppTests.debug.xcconfig */,
				4C6083BC2261ACD4DDE51A14 /* Pods-DramaChallengeAppTests.release.xcconfig */,
				393B295B2367180D877304BC /* Pods-DramaChallengeAppUITests.debug.xcconfig */,
				7C3AA65F8A85C67248F6F04C /* Pods-DramaChallengeAppUITests.release.xcconfig */,
			);
			name = Pods;
			sourceTree = "<group>";
		};
		E463B41CC11DB2B1D2C9F076 /* Frameworks */ = {
			isa = PBXGroup;
			children = (
				318D9E92DE450B8BFEB2889E /* Pods_DramaChallengeApp.framework */,
				EACF1806C9F5B99BF0CB8B8A /* Pods_DramaChallengeAppTests.framework */,
				30BBB27404D49D35B79F2E07 /* Pods_DramaChallengeAppUITests.framework */,
			);
			name = Frameworks;
			sourceTree = "<group>";
		};
/* End PBXGroup section */

/* Begin PBXNativeTarget section */
		4C9E81DC1F31B0D100263DDA /* DramaChallengeApp */ = {
			isa = PBXNativeTarget;
			buildConfigurationList = 4C9E82081F31B0D200263DDA /* Build configuration list for PBXNativeTarget "DramaChallengeApp" */;
			buildPhases = (
				831FF22052DE2BABE28259F6 /* [CP] Check Pods Manifest.lock */,
				4C9E81D91F31B0D100263DDA /* Sources */,
				4C9E81DA1F31B0D100263DDA /* Frameworks */,
				4C9E81DB1F31B0D100263DDA /* Resources */,
				6C97E361E82DAE6DC9F42FD2 /* [CP] Embed Pods Frameworks */,
				EA0EE03E08A4B3A003ABBB3F /* [CP] Copy Pods Resources */,
			);
			buildRules = (
			);
			dependencies = (
			);
			name = DramaChallengeApp;
			productName = DramaChallengeApp;
			productReference = 4C9E81DD1F31B0D100263DDA /* DramaChallengeApp.app */;
			productType = "com.apple.product-type.application";
		};
		4C9E81F31F31B0D100263DDA /* DramaChallengeAppTests */ = {
			isa = PBXNativeTarget;
			buildConfigurationList = 4C9E820B1F31B0D200263DDA /* Build configuration list for PBXNativeTarget "DramaChallengeAppTests" */;
			buildPhases = (
				C85F40D83EB7433370E2DE55 /* [CP] Check Pods Manifest.lock */,
				4C9E81F01F31B0D100263DDA /* Sources */,
				4C9E81F11F31B0D100263DDA /* Frameworks */,
				4C9E81F21F31B0D100263DDA /* Resources */,
				47DE3585EE10592589F44B6A /* [CP] Embed Pods Frameworks */,
				FC1A7550538A8DFA25C3E7E4 /* [CP] Copy Pods Resources */,
			);
			buildRules = (
			);
			dependencies = (
				4C9E81F61F31B0D100263DDA /* PBXTargetDependency */,
			);
			name = DramaChallengeAppTests;
			productName = DramaChallengeAppTests;
			productReference = 4C9E81F41F31B0D100263DDA /* DramaChallengeAppTests.xctest */;
			productType = "com.apple.product-type.bundle.unit-test";
		};
		4C9E81FE1F31B0D100263DDA /* DramaChallengeAppUITests */ = {
			isa = PBXNativeTarget;
			buildConfigurationList = 4C9E820E1F31B0D200263DDA /* Build configuration list for PBXNativeTarget "DramaChallengeAppUITests" */;
			buildPhases = (
				18602EDC5EEA44DCFFAE71E9 /* [CP] Check Pods Manifest.lock */,
				4C9E81FB1F31B0D100263DDA /* Sources */,
				4C9E81FC1F31B0D100263DDA /* Frameworks */,
				4C9E81FD1F31B0D100263DDA /* Resources */,
				2AADD56ABDAAADEFF986F96D /* [CP] Embed Pods Frameworks */,
				566E8163CEC73F3529AB1222 /* [CP] Copy Pods Resources */,
			);
			buildRules = (
			);
			dependencies = (
				4C9E82011F31B0D100263DDA /* PBXTargetDependency */,
			);
			name = DramaChallengeAppUITests;
			productName = DramaChallengeAppUITests;
			productReference = 4C9E81FF1F31B0D100263DDA /* DramaChallengeAppUITests.xctest */;
			productType = "com.apple.product-type.bundle.ui-testing";
		};
/* End PBXNativeTarget section */

/* Begin PBXProject section */
		4C9E81D51F31B0D100263DDA /* Project object */ = {
			isa = PBXProject;
			attributes = {
				LastSwiftUpdateCheck = 0830;
				LastUpgradeCheck = 0830;
				ORGANIZATIONNAME = "Rashad, Inc";
				TargetAttributes = {
					4C9E81DC1F31B0D100263DDA = {
						CreatedOnToolsVersion = 8.3.3;
						DevelopmentTeam = XYNM954255;
						ProvisioningStyle = Automatic;
					};
					4C9E81F31F31B0D100263DDA = {
						CreatedOnToolsVersion = 8.3.3;
						DevelopmentTeam = XYNM954255;
						ProvisioningStyle = Automatic;
						TestTargetID = 4C9E81DC1F31B0D100263DDA;
					};
					4C9E81FE1F31B0D100263DDA = {
						CreatedOnToolsVersion = 8.3.3;
						DevelopmentTeam = XYNM954255;
						ProvisioningStyle = Automatic;
						TestTargetID = 4C9E81DC1F31B0D100263DDA;
					};
				};
			};
			buildConfigurationList = 4C9E81D81F31B0D100263DDA /* Build configuration list for PBXProject "DramaChallengeApp" */;
			compatibilityVersion = "Xcode 3.2";
			developmentRegion = English;
			hasScannedForEncodings = 0;
			knownRegions = (
				en,
				Base,
			);
			mainGroup = 4C9E81D41F31B0D100263DDA;
			productRefGroup = 4C9E81DE1F31B0D100263DDA /* Products */;
			projectDirPath = "";
			projectRoot = "";
			targets = (
				4C9E81DC1F31B0D100263DDA /* DramaChallengeApp */,
				4C9E81F31F31B0D100263DDA /* DramaChallengeAppTests */,
				4C9E81FE1F31B0D100263DDA /* DramaChallengeAppUITests */,
			);
		};
/* End PBXProject section */

/* Begin PBXResourcesBuildPhase section */
		4C9E81DB1F31B0D100263DDA /* Resources */ = {
			isa = PBXResourcesBuildPhase;
			buildActionMask = 2147483647;
			files = (
				4C9E81EE1F31B0D100263DDA /* LaunchScreen.storyboard in Resources */,
				4C9E81EB1F31B0D100263DDA /* Assets.xcassets in Resources */,
				4C9E81E61F31B0D100263DDA /* Main.storyboard in Resources */,
			);
			runOnlyForDeploymentPostprocessing = 0;
		};
		4C9E81F21F31B0D100263DDA /* Resources */ = {
			isa = PBXResourcesBuildPhase;
			buildActionMask = 2147483647;
			files = (
			);
			runOnlyForDeploymentPostprocessing = 0;
		};
		4C9E81FD1F31B0D100263DDA /* Resources */ = {
			isa = PBXResourcesBuildPhase;
			buildActionMask = 2147483647;
			files = (
			);
			runOnlyForDeploymentPostprocessing = 0;
		};
/* End PBXResourcesBuildPhase section */

/* Begin PBXShellScriptBuildPhase section */
		18602EDC5EEA44DCFFAE71E9 /* [CP] Check Pods Manifest.lock */ = {
			isa = PBXShellScriptBuildPhase;
			buildActionMask = 2147483647;
			files = (
			);
			inputPaths = (
			);
			name = "[CP] Check Pods Manifest.lock";
			outputPaths = (
			);
			runOnlyForDeploymentPostprocessing = 0;
			shellPath = /bin/sh;
			shellScript = "diff \"${PODS_ROOT}/../Podfile.lock\" \"${PODS_ROOT}/Manifest.lock\" > /dev/null\nif [ $? != 0 ] ; then\n    # print error to STDERR\n    echo \"error: The sandbox is not in sync with the Podfile.lock. Run 'pod install' or update your CocoaPods installation.\" >&2\n    exit 1\nfi\n";
			showEnvVarsInLog = 0;
		};
		2AADD56ABDAAADEFF986F96D /* [CP] Embed Pods Frameworks */ = {
			isa = PBXShellScriptBuildPhase;
			buildActionMask = 2147483647;
			files = (
			);
			inputPaths = (
			);
			name = "[CP] Embed Pods Frameworks";
			outputPaths = (
			);
			runOnlyForDeploymentPostprocessing = 0;
			shellPath = /bin/sh;
			shellScript = "\"${SRCROOT}/Pods/Target Support Files/Pods-DramaChallengeAppUITests/Pods-DramaChallengeAppUITests-frameworks.sh\"\n";
			showEnvVarsInLog = 0;
		};
		47DE3585EE10592589F44B6A /* [CP] Embed Pods Frameworks */ = {
			isa = PBXShellScriptBuildPhase;
			buildActionMask = 2147483647;
			files = (
			);
			inputPaths = (
			);
			name = "[CP] Embed Pods Frameworks";
			outputPaths = (
			);
			runOnlyForDeploymentPostprocessing = 0;
			shellPath = /bin/sh;
			shellScript = "\"${SRCROOT}/Pods/Target Support Files/Pods-DramaChallengeAppTests/Pods-DramaChallengeAppTests-frameworks.sh\"\n";
			showEnvVarsInLog = 0;
		};
		566E8163CEC73F3529AB1222 /* [CP] Copy Pods Resources */ = {
			isa = PBXShellScriptBuildPhase;
			buildActionMask = 2147483647;
			files = (
			);
			inputPaths = (
			);
			name = "[CP] Copy Pods Resources";
			outputPaths = (
			);
			runOnlyForDeploymentPostprocessing = 0;
			shellPath = /bin/sh;
			shellScript = "\"${SRCROOT}/Pods/Target Support Files/Pods-DramaChallengeAppUITests/Pods-DramaChallengeAppUITests-resources.sh\"\n";
			showEnvVarsInLog = 0;
		};
		6C97E361E82DAE6DC9F42FD2 /* [CP] Embed Pods Frameworks */ = {
			isa = PBXShellScriptBuildPhase;
			buildActionMask = 2147483647;
			files = (
			);
			inputPaths = (
			);
			name = "[CP] Embed Pods Frameworks";
			outputPaths = (
			);
			runOnlyForDeploymentPostprocessing = 0;
			shellPath = /bin/sh;
			shellScript = "\"${SRCROOT}/Pods/Target Support Files/Pods-DramaChallengeApp/Pods-DramaChallengeApp-frameworks.sh\"\n";
			showEnvVarsInLog = 0;
		};
		831FF22052DE2BABE28259F6 /* [CP] Check Pods Manifest.lock */ = {
			isa = PBXShellScriptBuildPhase;
			buildActionMask = 2147483647;
			files = (
			);
			inputPaths = (
			);
			name = "[CP] Check Pods Manifest.lock";
			outputPaths = (
			);
			runOnlyForDeploymentPostprocessing = 0;
			shellPath = /bin/sh;
			shellScript = "diff \"${PODS_ROOT}/../Podfile.lock\" \"${PODS_ROOT}/Manifest.lock\" > /dev/null\nif [ $? != 0 ] ; then\n    # print error to STDERR\n    echo \"error: The sandbox is not in sync with the Podfile.lock. Run 'pod install' or update your CocoaPods installation.\" >&2\n    exit 1\nfi\n";
			showEnvVarsInLog = 0;
		};
		C85F40D83EB7433370E2DE55 /* [CP] Check Pods Manifest.lock */ = {
			isa = PBXShellScriptBuildPhase;
			buildActionMask = 2147483647;
			files = (
			);
			inputPaths = (
			);
			name = "[CP] Check Pods Manifest.lock";
			outputPaths = (
			);
			runOnlyForDeploymentPostprocessing = 0;
			shellPath = /bin/sh;
			shellScript = "diff \"${PODS_ROOT}/../Podfile.lock\" \"${PODS_ROOT}/Manifest.lock\" > /dev/null\nif [ $? != 0 ] ; then\n    # print error to STDERR\n    echo \"error: The sandbox is not in sync with the Podfile.lock. Run 'pod install' or update your CocoaPods installation.\" >&2\n    exit 1\nfi\n";
			showEnvVarsInLog = 0;
		};
		EA0EE03E08A4B3A003ABBB3F /* [CP] Copy Pods Resources */ = {
			isa = PBXShellScriptBuildPhase;
			buildActionMask = 2147483647;
			files = (
			);
			inputPaths = (
			);
			name = "[CP] Copy Pods Resources";
			outputPaths = (
			);
			runOnlyForDeploymentPostprocessing = 0;
			shellPath = /bin/sh;
			shellScript = "\"${SRCROOT}/Pods/Target Support Files/Pods-DramaChallengeApp/Pods-DramaChallengeApp-resources.sh\"\n";
			showEnvVarsInLog = 0;
		};
		FC1A7550538A8DFA25C3E7E4 /* [CP] Copy Pods Resources */ = {
			isa = PBXShellScriptBuildPhase;
			buildActionMask = 2147483647;
			files = (
			);
			inputPaths = (
			);
			name = "[CP] Copy Pods Resources";
			outputPaths = (
			);
			runOnlyForDeploymentPostprocessing = 0;
			shellPath = /bin/sh;
			shellScript = "\"${SRCROOT}/Pods/Target Support Files/Pods-DramaChallengeAppTests/Pods-DramaChallengeAppTests-resources.sh\"\n";
			showEnvVarsInLog = 0;
		};
/* End PBXShellScriptBuildPhase section */

/* Begin PBXSourcesBuildPhase section */
		4C9E81D91F31B0D100263DDA /* Sources */ = {
			isa = PBXSourcesBuildPhase;
			buildActionMask = 2147483647;
			files = (
				4C9E81E31F31B0D100263DDA /* ViewController.swift in Sources */,
				4C9E81E91F31B0D100263DDA /* DramaChallengeApp.xcdatamodeld in Sources */,
				4C9E81E11F31B0D100263DDA /* AppDelegate.swift in Sources */,
			);
			runOnlyForDeploymentPostprocessing = 0;
		};
		4C9E81F01F31B0D100263DDA /* Sources */ = {
			isa = PBXSourcesBuildPhase;
			buildActionMask = 2147483647;
			files = (
				4C9E81F91F31B0D100263DDA /* DramaChallengeAppTests.swift in Sources */,
			);
			runOnlyForDeploymentPostprocessing = 0;
		};
		4C9E81FB1F31B0D100263DDA /* Sources */ = {
			isa = PBXSourcesBuildPhase;
			buildActionMask = 2147483647;
			files = (
				4C9E82041F31B0D200263DDA /* DramaChallengeAppUITests.swift in Sources */,
			);
			runOnlyForDeploymentPostprocessing = 0;
		};
/* End PBXSourcesBuildPhase section */

/* Begin PBXTargetDependency section */
		4C9E81F61F31B0D100263DDA /* PBXTargetDependency */ = {
			isa = PBXTargetDependency;
			target = 4C9E81DC1F31B0D100263DDA /* DramaChallengeApp */;
			targetProxy = 4C9E81F51F31B0D100263DDA /* PBXContainerItemProxy */;
		};
		4C9E82011F31B0D100263DDA /* PBXTargetDependency */ = {
			isa = PBXTargetDependency;
			target = 4C9E81DC1F31B0D100263DDA /* DramaChallengeApp */;
			targetProxy = 4C9E82001F31B0D100263DDA /* PBXContainerItemProxy */;
		};
/* End PBXTargetDependency section */

/* Begin PBXVariantGroup section */
		4C9E81E41F31B0D100263DDA /* Main.storyboard */ = {
			isa = PBXVariantGroup;
			children = (
				4C9E81E51F31B0D100263DDA /* Base */,
			);
			name = Main.storyboard;
			sourceTree = "<group>";
		};
		4C9E81EC1F31B0D100263DDA /* LaunchScreen.storyboard */ = {
			isa = PBXVariantGroup;
			children = (
				4C9E81ED1F31B0D100263DDA /* Base */,
			);
			name = LaunchScreen.storyboard;
			sourceTree = "<group>";
		};
/* End PBXVariantGroup section */

/* Begin XCBuildConfiguration section */
		4C9E82061F31B0D200263DDA /* Debug */ = {
			isa = XCBuildConfiguration;
			buildSettings = {
				ALWAYS_SEARCH_USER_PATHS = NO;
				CLANG_ANALYZER_NONNULL = YES;
				CLANG_ANALYZER_NUMBER_OBJECT_CONVERSION = YES_AGGRESSIVE;
				CLANG_CXX_LANGUAGE_STANDARD = "gnu++0x";
				CLANG_CXX_LIBRARY = "libc++";
				CLANG_ENABLE_MODULES = YES;
				CLANG_ENABLE_OBJC_ARC = YES;
				CLANG_WARN_BOOL_CONVERSION = YES;
				CLANG_WARN_CONSTANT_CONVERSION = YES;
				CLANG_WARN_DIRECT_OBJC_ISA_USAGE = YES_ERROR;
				CLANG_WARN_DOCUMENTATION_COMMENTS = YES;
				CLANG_WARN_EMPTY_BODY = YES;
				CLANG_WARN_ENUM_CONVERSION = YES;
				CLANG_WARN_INFINITE_RECURSION = YES;
				CLANG_WARN_INT_CONVERSION = YES;
				CLANG_WARN_OBJC_ROOT_CLASS = YES_ERROR;
				CLANG_WARN_SUSPICIOUS_MOVE = YES;
				CLANG_WARN_UNREACHABLE_CODE = YES;
				CLANG_WARN__DUPLICATE_METHOD_MATCH = YES;
				"CODE_SIGN_IDENTITY[sdk=iphoneos*]" = "iPhone Developer";
				COPY_PHASE_STRIP = NO;
				DEBUG_INFORMATION_FORMAT = dwarf;
				ENABLE_STRICT_OBJC_MSGSEND = YES;
				ENABLE_TESTABILITY = YES;
				GCC_C_LANGUAGE_STANDARD = gnu99;
				GCC_DYNAMIC_NO_PIC = NO;
				GCC_NO_COMMON_BLOCKS = YES;
				GCC_OPTIMIZATION_LEVEL = 0;
				GCC_PREPROCESSOR_DEFINITIONS = (
					"DEBUG=1",
					"$(inherited)",
				);
				GCC_WARN_64_TO_32_BIT_CONVERSION = YES;
				GCC_WARN_ABOUT_RETURN_TYPE = YES_ERROR;
				GCC_WARN_UNDECLARED_SELECTOR = YES;
				GCC_WARN_UNINITIALIZED_AUTOS = YES_AGGRESSIVE;
				GCC_WARN_UNUSED_FUNCTION = YES;
				GCC_WARN_UNUSED_VARIABLE = YES;
				IPHONEOS_DEPLOYMENT_TARGET = 10.3;
				MTL_ENABLE_DEBUG_INFO = YES;
				ONLY_ACTIVE_ARCH = YES;
				SDKROOT = iphoneos;
				SWIFT_ACTIVE_COMPILATION_CONDITIONS = DEBUG;
				SWIFT_OPTIMIZATION_LEVEL = "-Onone";
			};
			name = Debug;
		};
		4C9E82071F31B0D200263DDA /* Release */ = {
			isa = XCBuildConfiguration;
			buildSettings = {
				ALWAYS_SEARCH_USER_PATHS = NO;
				CLANG_ANALYZER_NONNULL = YES;
				CLANG_ANALYZER_NUMBER_OBJECT_CONVERSION = YES_AGGRESSIVE;
				CLANG_CXX_LANGUAGE_STANDARD = "gnu++0x";
				CLANG_CXX_LIBRARY = "libc++";
				CLANG_ENABLE_MODULES = YES;
				CLANG_ENABLE_OBJC_ARC = YES;
				CLANG_WARN_BOOL_CONVERSION = YES;
				CLANG_WARN_CONSTANT_CONVERSION = YES;
				CLANG_WARN_DIRECT_OBJC_ISA_USAGE = YES_ERROR;
				CLANG_WARN_DOCUMENTATION_COMMENTS = YES;
				CLANG_WARN_EMPTY_BODY = YES;
				CLANG_WARN_ENUM_CONVERSION = YES;
				CLANG_WARN_INFINITE_RECURSION = YES;
				CLANG_WARN_INT_CONVERSION = YES;
				CLANG_WARN_OBJC_ROOT_CLASS = YES_ERROR;
				CLANG_WARN_SUSPICIOUS_MOVE = YES;
				CLANG_WARN_UNREACHABLE_CODE = YES;
				CLANG_WARN__DUPLICATE_METHOD_MATCH = YES;
				"CODE_SIGN_IDENTITY[sdk=iphoneos*]" = "iPhone Developer";
				COPY_PHASE_STRIP = NO;
				DEBUG_INFORMATION_FORMAT = "dwarf-with-dsym";
				ENABLE_NS_ASSERTIONS = NO;
				ENABLE_STRICT_OBJC_MSGSEND = YES;
				GCC_C_LANGUAGE_STANDARD = gnu99;
				GCC_NO_COMMON_BLOCKS = YES;
				GCC_WARN_64_TO_32_BIT_CONVERSION = YES;
				GCC_WARN_ABOUT_RETURN_TYPE = YES_ERROR;
				GCC_WARN_UNDECLARED_SELECTOR = YES;
				GCC_WARN_UNINITIALIZED_AUTOS = YES_AGGRESSIVE;
				GCC_WARN_UNUSED_FUNCTION = YES;
				GCC_WARN_UNUSED_VARIABLE = YES;
				IPHONEOS_DEPLOYMENT_TARGET = 10.3;
				MTL_ENABLE_DEBUG_INFO = NO;
				SDKROOT = iphoneos;
				SWIFT_OPTIMIZATION_LEVEL = "-Owholemodule";
				VALIDATE_PRODUCT = YES;
			};
			name = Release;
		};
		4C9E82091F31B0D200263DDA /* Debug */ = {
			isa = XCBuildConfiguration;
			baseConfigurationReference = AC474F140FF5C570E4D01D87 /* Pods-DramaChallengeApp.debug.xcconfig */;
			buildSettings = {
				ASSETCATALOG_COMPILER_APPICON_NAME = AppIcon;
				DEVELOPMENT_TEAM = XYNM954255;
				INFOPLIST_FILE = DramaChallengeApp/Info.plist;
				LD_RUNPATH_SEARCH_PATHS = "$(inherited) @executable_path/Frameworks";
				PRODUCT_BUNDLE_IDENTIFIER = com.rashad.DramaChallengeApp;
				PRODUCT_NAME = "$(TARGET_NAME)";
				SWIFT_VERSION = 3.0;
			};
			name = Debug;
		};
		4C9E820A1F31B0D200263DDA /* Release */ = {
			isa = XCBuildConfiguration;
			baseConfigurationReference = A6D8BE2DFE8B8E016DEB5298 /* Pods-DramaChallengeApp.release.xcconfig */;
			buildSettings = {
				ASSETCATALOG_COMPILER_APPICON_NAME = AppIcon;
				DEVELOPMENT_TEAM = XYNM954255;
				INFOPLIST_FILE = DramaChallengeApp/Info.plist;
				LD_RUNPATH_SEARCH_PATHS = "$(inherited) @executable_path/Frameworks";
				PRODUCT_BUNDLE_IDENTIFIER = com.rashad.DramaChallengeApp;
				PRODUCT_NAME = "$(TARGET_NAME)";
				SWIFT_VERSION = 3.0;
			};
			name = Release;
		};
		4C9E820C1F31B0D200263DDA /* Debug */ = {
			isa = XCBuildConfiguration;
			baseConfigurationReference = 374A67EF9D443C584961E900 /* Pods-DramaChallengeAppTests.debug.xcconfig */;
			buildSettings = {
				ALWAYS_EMBED_SWIFT_STANDARD_LIBRARIES = YES;
				BUNDLE_LOADER = "$(TEST_HOST)";
				DEVELOPMENT_TEAM = XYNM954255;
				INFOPLIST_FILE = DramaChallengeAppTests/Info.plist;
				LD_RUNPATH_SEARCH_PATHS = "$(inherited) @executable_path/Frameworks @loader_path/Frameworks";
				PRODUCT_BUNDLE_IDENTIFIER = com.rashad.DramaChallengeAppTests;
				PRODUCT_NAME = "$(TARGET_NAME)";
				SWIFT_VERSION = 3.0;
				TEST_HOST = "$(BUILT_PRODUCTS_DIR)/DramaChallengeApp.app/DramaChallengeApp";
			};
			name = Debug;
		};
		4C9E820D1F31B0D200263DDA /* Release */ = {
			isa = XCBuildConfiguration;
			baseConfigurationReference = 4C6083BC2261ACD4DDE51A14 /* Pods-DramaChallengeAppTests.release.xcconfig */;
			buildSettings = {
				ALWAYS_EMBED_SWIFT_STANDARD_LIBRARIES = YES;
				BUNDLE_LOADER = "$(TEST_HOST)";
				DEVELOPMENT_TEAM = XYNM954255;
				INFOPLIST_FILE = DramaChallengeAppTests/Info.plist;
				LD_RUNPATH_SEARCH_PATHS = "$(inherited) @executable_path/Frameworks @loader_path/Frameworks";
				PRODUCT_BUNDLE_IDENTIFIER = com.rashad.DramaChallengeAppTests;
				PRODUCT_NAME = "$(TARGET_NAME)";
				SWIFT_VERSION = 3.0;
				TEST_HOST = "$(BUILT_PRODUCTS_DIR)/DramaChallengeApp.app/DramaChallengeApp";
			};
			name = Release;
		};
		4C9E820F1F31B0D200263DDA /* Debug */ = {
			isa = XCBuildConfiguration;
			baseConfigurationReference = 393B295B2367180D877304BC /* Pods-DramaChallengeAppUITests.debug.xcconfig */;
			buildSettings = {
				ALWAYS_EMBED_SWIFT_STANDARD_LIBRARIES = YES;
				DEVELOPMENT_TEAM = XYNM954255;
				INFOPLIST_FILE = DramaChallengeAppUITests/Info.plist;
				LD_RUNPATH_SEARCH_PATHS = "$(inherited) @executable_path/Frameworks @loader_path/Frameworks";
				PRODUCT_BUNDLE_IDENTIFIER = com.rashad.DramaChallengeAppUITests;
				PRODUCT_NAME = "$(TARGET_NAME)";
				SWIFT_VERSION = 3.0;
				TEST_TARGET_NAME = DramaChallengeApp;
			};
			name = Debug;
		};
		4C9E82101F31B0D200263DDA /* Release */ = {
			isa = XCBuildConfiguration;
			baseConfigurationReference = 7C3AA65F8A85C67248F6F04C /* Pods-DramaChallengeAppUITests.release.xcconfig */;
			buildSettings = {
				ALWAYS_EMBED_SWIFT_STANDARD_LIBRARIES = YES;
				DEVELOPMENT_TEAM = XYNM954255;
				INFOPLIST_FILE = DramaChallengeAppUITests/Info.plist;
				LD_RUNPATH_SEARCH_PATHS = "$(inherited) @executable_path/Frameworks @loader_path/Frameworks";
				PRODUCT_BUNDLE_IDENTIFIER = com.rashad.DramaChallengeAppUITests;
				PRODUCT_NAME = "$(TARGET_NAME)";
				SWIFT_VERSION = 3.0;
				TEST_TARGET_NAME = DramaChallengeApp;
			};
			name = Release;
		};
/* End XCBuildConfiguration section */

/* Begin XCConfigurationList section */
		4C9E81D81F31B0D100263DDA /* Build configuration list for PBXProject "DramaChallengeApp" */ = {
			isa = XCConfigurationList;
			buildConfigurations = (
				4C9E82061F31B0D200263DDA /* Debug */,
				4C9E82071F31B0D200263DDA /* Release */,
			);
			defaultConfigurationIsVisible = 0;
			defaultConfigurationName = Release;
		};
		4C9E82081F31B0D200263DDA /* Build configuration list for PBXNativeTarget "DramaChallengeApp" */ = {
			isa = XCConfigurationList;
			buildConfigurations = (
				4C9E82091F31B0D200263DDA /* Debug */,
				4C9E820A1F31B0D200263DDA /* Release */,
			);
			defaultConfigurationIsVisible = 0;
		};
		4C9E820B1F31B0D200263DDA /* Build configuration list for PBXNativeTarget "DramaChallengeAppTests" */ = {
			isa = XCConfigurationList;
			buildConfigurations = (
				4C9E820C1F31B0D200263DDA /* Debug */,
				4C9E820D1F31B0D200263DDA /* Release */,
			);
			defaultConfigurationIsVisible = 0;
		};
		4C9E820E1F31B0D200263DDA /* Build configuration list for PBXNativeTarget "DramaChallengeAppUITests" */ = {
			isa = XCConfigurationList;
			buildConfigurations = (
				4C9E820F1F31B0D200263DDA /* Debug */,
				4C9E82101F31B0D200263DDA /* Release */,
			);
			defaultConfigurationIsVisible = 0;
		};
/* End XCConfigurationList section */

/* Begin XCVersionGroup section */
		4C9E81E71F31B0D100263DDA /* DramaChallengeApp.xcdatamodeld */ = {
			isa = XCVersionGroup;
			children = (
				4C9E81E81F31B0D100263DDA /* DramaChallengeApp.xcdatamodel */,
			);
			currentVersion = 4C9E81E81F31B0D100263DDA /* DramaChallengeApp.xcdatamodel */;
			path = DramaChallengeApp.xcdatamodeld;
			sourceTree = "<group>";
			versionGroupType = wrapper.xcdatamodel;
		};
/* End XCVersionGroup section */
	};
	rootObject = 4C9E81D51F31B0D100263DDA /* Project object */;
}
