// !$*UTF8*$!
{
	archiveVersion = 1;
	classes = {
	};
	objectVersion = 46;
	objects = {

/* Begin PBXBuildFile section */
		4C0E209B1F3787C600E9FB04 /* ComposeCommentViewController.swift in Sources */ = {isa = PBXBuildFile; fileRef = 4C0E209A1F3787C600E9FB04 /* ComposeCommentViewController.swift */; };
		4C1A01261F34DB300055702F /* PhotosCarouselTableCell.swift in Sources */ = {isa = PBXBuildFile; fileRef = 4C1A01251F34DB2F0055702F /* PhotosCarouselTableCell.swift */; };
		4C1A01291F34DFA30055702F /* PhotosCarouselCollectionCell.swift in Sources */ = {isa = PBXBuildFile; fileRef = 4C1A01281F34DFA30055702F /* PhotosCarouselCollectionCell.swift */; };
		4C1A01351F3573A30055702F /* OFL.txt in Resources */ = {isa = PBXBuildFile; fileRef = 4C1A012B1F3573A30055702F /* OFL.txt */; };
		4C1A01361F3573A30055702F /* Raleway-Bold.ttf in Resources */ = {isa = PBXBuildFile; fileRef = 4C1A012C1F3573A30055702F /* Raleway-Bold.ttf */; };
		4C1A01371F3573A30055702F /* Raleway-ExtraBold.ttf in Resources */ = {isa = PBXBuildFile; fileRef = 4C1A012D1F3573A30055702F /* Raleway-ExtraBold.ttf */; };
		4C1A01381F3573A30055702F /* Raleway-ExtraLight.ttf in Resources */ = {isa = PBXBuildFile; fileRef = 4C1A012E1F3573A30055702F /* Raleway-ExtraLight.ttf */; };
		4C1A01391F3573A30055702F /* Raleway-Heavy.ttf in Resources */ = {isa = PBXBuildFile; fileRef = 4C1A012F1F3573A30055702F /* Raleway-Heavy.ttf */; };
		4C1A013A1F3573A30055702F /* Raleway-Light.ttf in Resources */ = {isa = PBXBuildFile; fileRef = 4C1A01301F3573A30055702F /* Raleway-Light.ttf */; };
		4C1A013B1F3573A30055702F /* Raleway-Medium.ttf in Resources */ = {isa = PBXBuildFile; fileRef = 4C1A01311F3573A30055702F /* Raleway-Medium.ttf */; };
		4C1A013C1F3573A30055702F /* Raleway-Regular.ttf in Resources */ = {isa = PBXBuildFile; fileRef = 4C1A01321F3573A30055702F /* Raleway-Regular.ttf */; };
		4C1A013D1F3573A30055702F /* Raleway-SemiBold.ttf in Resources */ = {isa = PBXBuildFile; fileRef = 4C1A01331F3573A30055702F /* Raleway-SemiBold.ttf */; };
		4C1A013E1F3573A30055702F /* Raleway-Thin.ttf in Resources */ = {isa = PBXBuildFile; fileRef = 4C1A01341F3573A30055702F /* Raleway-Thin.ttf */; };
		4C1A01401F3576420055702F /* UIFont+Extension.swift in Sources */ = {isa = PBXBuildFile; fileRef = 4C1A013F1F3576420055702F /* UIFont+Extension.swift */; };
		4C1A01421F357B400055702F /* UILabel+Extension.swift in Sources */ = {isa = PBXBuildFile; fileRef = 4C1A01411F357B400055702F /* UILabel+Extension.swift */; };
		4C1A01441F357F4E0055702F /* UIButton+Extension.swift in Sources */ = {isa = PBXBuildFile; fileRef = 4C1A01431F357F4E0055702F /* UIButton+Extension.swift */; };
		4C1A01461F358D1D0055702F /* PostsFooterView.swift in Sources */ = {isa = PBXBuildFile; fileRef = 4C1A01451F358D1D0055702F /* PostsFooterView.swift */; };
		4C1A01481F358DBE0055702F /* PostsFooterView.xib in Resources */ = {isa = PBXBuildFile; fileRef = 4C1A01471F358DBE0055702F /* PostsFooterView.xib */; };
		4C1A014A1F363ABE0055702F /* CoreLocation.framework in Frameworks */ = {isa = PBXBuildFile; fileRef = 4C1A01491F363ABE0055702F /* CoreLocation.framework */; };
		4C1A014E1F364CA30055702F /* MapsViewController.swift in Sources */ = {isa = PBXBuildFile; fileRef = 4C1A014D1F364CA30055702F /* MapsViewController.swift */; };
		4C1A01501F37474A0055702F /* PostsService.swift in Sources */ = {isa = PBXBuildFile; fileRef = 4C1A014F1F37474A0055702F /* PostsService.swift */; };
		4C1A01521F374BA00055702F /* ComposeCommentCell.swift in Sources */ = {isa = PBXBuildFile; fileRef = 4C1A01511F374BA00055702F /* ComposeCommentCell.swift */; };
		4C8B42821F37F4D400C388D8 /* UIViewController+Extension.swift in Sources */ = {isa = PBXBuildFile; fileRef = 4C8B42811F37F4D400C388D8 /* UIViewController+Extension.swift */; };
		4C9E81E11F31B0D100263DDA /* AppDelegate.swift in Sources */ = {isa = PBXBuildFile; fileRef = 4C9E81E01F31B0D100263DDA /* AppDelegate.swift */; };
		4C9E81E31F31B0D100263DDA /* MainViewController.swift in Sources */ = {isa = PBXBuildFile; fileRef = 4C9E81E21F31B0D100263DDA /* MainViewController.swift */; };
		4C9E81E61F31B0D100263DDA /* Main.storyboard in Resources */ = {isa = PBXBuildFile; fileRef = 4C9E81E41F31B0D100263DDA /* Main.storyboard */; };
		4C9E81E91F31B0D100263DDA /* DramaChallengeApp.xcdatamodeld in Sources */ = {isa = PBXBuildFile; fileRef = 4C9E81E71F31B0D100263DDA /* DramaChallengeApp.xcdatamodeld */; };
		4C9E81EB1F31B0D100263DDA /* Assets.xcassets in Resources */ = {isa = PBXBuildFile; fileRef = 4C9E81EA1F31B0D100263DDA /* Assets.xcassets */; };
		4C9E81EE1F31B0D100263DDA /* LaunchScreen.storyboard in Resources */ = {isa = PBXBuildFile; fileRef = 4C9E81EC1F31B0D100263DDA /* LaunchScreen.storyboard */; };
		4C9E81F91F31B0D100263DDA /* DramaChallengeAppTests.swift in Sources */ = {isa = PBXBuildFile; fileRef = 4C9E81F81F31B0D100263DDA /* DramaChallengeAppTests.swift */; };
		4C9E82041F31B0D200263DDA /* DramaChallengeAppUITests.swift in Sources */ = {isa = PBXBuildFile; fileRef = 4C9E82031F31B0D200263DDA /* DramaChallengeAppUITests.swift */; };
		4CAF91EE1F32A40E00F2556C /* NetworkRequestService.swift in Sources */ = {isa = PBXBuildFile; fileRef = 4CAF91ED1F32A40E00F2556C /* NetworkRequestService.swift */; };
		4CAF91F01F32D93000F2556C /* UserEntity.swift in Sources */ = {isa = PBXBuildFile; fileRef = 4CAF91EF1F32D93000F2556C /* UserEntity.swift */; };
		4CAF91F21F32D97400F2556C /* PhotoEntity.swift in Sources */ = {isa = PBXBuildFile; fileRef = 4CAF91F11F32D97400F2556C /* PhotoEntity.swift */; };
		4CAF91F51F33680D00F2556C /* FriendTableViewCell.swift in Sources */ = {isa = PBXBuildFile; fileRef = 4CAF91F41F33680D00F2556C /* FriendTableViewCell.swift */; };
		4CAF91FA1F33801800F2556C /* FriendDashboardViewController.swift in Sources */ = {isa = PBXBuildFile; fileRef = 4CAF91F91F33801800F2556C /* FriendDashboardViewController.swift */; };
		4CAF91FC1F33802B00F2556C /* FriendListViewController.swift in Sources */ = {isa = PBXBuildFile; fileRef = 4CAF91FB1F33802B00F2556C /* FriendListViewController.swift */; };
		4CAF91FF1F33809500F2556C /* FriendDetailViewController.swift in Sources */ = {isa = PBXBuildFile; fileRef = 4CAF91FE1F33809500F2556C /* FriendDetailViewController.swift */; };
		4CAF92031F33817B00F2556C /* PhotosListViewController.swift in Sources */ = {isa = PBXBuildFile; fileRef = 4CAF92021F33817B00F2556C /* PhotosListViewController.swift */; };
		4CAF92051F33818E00F2556C /* PhotoDetailViewController.swift in Sources */ = {isa = PBXBuildFile; fileRef = 4CAF92041F33818E00F2556C /* PhotoDetailViewController.swift */; };
		4CAF92071F3381A700F2556C /* PostsListViewController.swift in Sources */ = {isa = PBXBuildFile; fileRef = 4CAF92061F3381A700F2556C /* PostsListViewController.swift */; };
		4CAF92091F3381BE00F2556C /* PostDetailsViewController.swift in Sources */ = {isa = PBXBuildFile; fileRef = 4CAF92081F3381BE00F2556C /* PostDetailsViewController.swift */; };
		4CAF920C1F33929D00F2556C /* UserService.swift in Sources */ = {isa = PBXBuildFile; fileRef = 4CAF920B1F33929D00F2556C /* UserService.swift */; };
		4CAF920E1F33D4C400F2556C /* AbbreviatedPostCell.swift in Sources */ = {isa = PBXBuildFile; fileRef = 4CAF920D1F33D4C400F2556C /* AbbreviatedPostCell.swift */; };
		4CAF92101F33D56D00F2556C /* AbbreviatedPostView.swift in Sources */ = {isa = PBXBuildFile; fileRef = 4CAF920F1F33D56D00F2556C /* AbbreviatedPostView.swift */; };
		4CAF92121F33D58000F2556C /* AbbreviatedPostView.xib in Resources */ = {isa = PBXBuildFile; fileRef = 4CAF92111F33D58000F2556C /* AbbreviatedPostView.xib */; };
		4CAF92161F34024100F2556C /* PostContentCell.swift in Sources */ = {isa = PBXBuildFile; fileRef = 4CAF92151F34024100F2556C /* PostContentCell.swift */; };
		4CAF921A1F34034300F2556C /* PostCommentCell.swift in Sources */ = {isa = PBXBuildFile; fileRef = 4CAF92191F34034300F2556C /* PostCommentCell.swift */; };
		4CAF921C1F342BBF00F2556C /* FriendsCarouselTableCell.swift in Sources */ = {isa = PBXBuildFile; fileRef = 4CAF921B1F342BBF00F2556C /* FriendsCarouselTableCell.swift */; };
		4CAF921E1F342F0A00F2556C /* FriendsCarouselCollectionCell.swift in Sources */ = {isa = PBXBuildFile; fileRef = 4CAF921D1F342F0A00F2556C /* FriendsCarouselCollectionCell.swift */; };
		4CAF92211F34358C00F2556C /* UIImageView+Extension.swift in Sources */ = {isa = PBXBuildFile; fileRef = 4CAF92201F34358C00F2556C /* UIImageView+Extension.swift */; };
		4CAF92231F3495D800F2556C /* FriendProfileImageView.swift in Sources */ = {isa = PBXBuildFile; fileRef = 4CAF92221F3495D800F2556C /* FriendProfileImageView.swift */; };
		4CAF92251F34AAE600F2556C /* UIColor+Extension.swift in Sources */ = {isa = PBXBuildFile; fileRef = 4CAF92241F34AAE600F2556C /* UIColor+Extension.swift */; };
		58D79F10DD1BDBD519A0E4FC /* Pods_DramaChallengeAppUITests.framework in Frameworks */ = {isa = PBXBuildFile; fileRef = 30BBB27404D49D35B79F2E07 /* Pods_DramaChallengeAppUITests.framework */; };
		5B12206906693D3811729EA6 /* Pods_DramaChallengeApp.framework in Frameworks */ = {isa = PBXBuildFile; fileRef = 318D9E92DE450B8BFEB2889E /* Pods_DramaChallengeApp.framework */; };
		CE615D14759CBBF484A4C285 /* Pods_DramaChallengeAppTests.framework in Frameworks */ = {isa = PBXBuildFile; fileRef = EACF1806C9F5B99BF0CB8B8A /* Pods_DramaChallengeAppTests.framework */; };
/* End PBXBuildFile section */

/* Begin PBXContainerItemProxy section */
		4C9E81F51F31B0D100263DDA /* PBXContainerItemProxy */ = {
			isa = PBXContainerItemProxy;
			containerPortal = 4C9E81D51F31B0D100263DDA /* Project object */;
			proxyType = 1;
			remoteGlobalIDString = 4C9E81DC1F31B0D100263DDA;
			remoteInfo = DramaChallengeApp;
		};
		4C9E82001F31B0D100263DDA /* PBXContainerItemProxy */ = {
			isa = PBXContainerItemProxy;
			containerPortal = 4C9E81D51F31B0D100263DDA /* Project object */;
			proxyType = 1;
			remoteGlobalIDString = 4C9E81DC1F31B0D100263DDA;
			remoteInfo = DramaChallengeApp;
		};
/* End PBXContainerItemProxy section */

/* Begin PBXFileReference section */
		30BBB27404D49D35B79F2E07 /* Pods_DramaChallengeAppUITests.framework */ = {isa = PBXFileReference; explicitFileType = wrapper.framework; includeInIndex = 0; path = Pods_DramaChallengeAppUITests.framework; sourceTree = BUILT_PRODUCTS_DIR; };
		318D9E92DE450B8BFEB2889E /* Pods_DramaChallengeApp.framework */ = {isa = PBXFileReference; explicitFileType = wrapper.framework; includeInIndex = 0; path = Pods_DramaChallengeApp.framework; sourceTree = BUILT_PRODUCTS_DIR; };
		374A67EF9D443C584961E900 /* Pods-DramaChallengeAppTests.debug.xcconfig */ = {isa = PBXFileReference; includeInIndex = 1; lastKnownFileType = text.xcconfig; name = "Pods-DramaChallengeAppTests.debug.xcconfig"; path = "Pods/Target Support Files/Pods-DramaChallengeAppTests/Pods-DramaChallengeAppTests.debug.xcconfig"; sourceTree = "<group>"; };
		393B295B2367180D877304BC /* Pods-DramaChallengeAppUITests.debug.xcconfig */ = {isa = PBXFileReference; includeInIndex = 1; lastKnownFileType = text.xcconfig; name = "Pods-DramaChallengeAppUITests.debug.xcconfig"; path = "Pods/Target Support Files/Pods-DramaChallengeAppUITests/Pods-DramaChallengeAppUITests.debug.xcconfig"; sourceTree = "<group>"; };
		4C0E209A1F3787C600E9FB04 /* ComposeCommentViewController.swift */ = {isa = PBXFileReference; fileEncoding = 4; lastKnownFileType = sourcecode.swift; path = ComposeCommentViewController.swift; sourceTree = "<group>"; };
		4C1A01251F34DB2F0055702F /* PhotosCarouselTableCell.swift */ = {isa = PBXFileReference; fileEncoding = 4; lastKnownFileType = sourcecode.swift; path = PhotosCarouselTableCell.swift; sourceTree = "<group>"; };
		4C1A01281F34DFA30055702F /* PhotosCarouselCollectionCell.swift */ = {isa = PBXFileReference; fileEncoding = 4; lastKnownFileType = sourcecode.swift; path = PhotosCarouselCollectionCell.swift; sourceTree = "<group>"; };
		4C1A012B1F3573A30055702F /* OFL.txt */ = {isa = PBXFileReference; fileEncoding = 4; lastKnownFileType = text; name = OFL.txt; path = "../../../Downloads/matt-mcinerney_raleway/OFL.txt"; sourceTree = "<group>"; };
		4C1A012C1F3573A30055702F /* Raleway-Bold.ttf */ = {isa = PBXFileReference; lastKnownFileType = file; name = "Raleway-Bold.ttf"; path = "../../../Downloads/matt-mcinerney_raleway/Raleway-Bold.ttf"; sourceTree = "<group>"; };
		4C1A012D1F3573A30055702F /* Raleway-ExtraBold.ttf */ = {isa = PBXFileReference; lastKnownFileType = file; name = "Raleway-ExtraBold.ttf"; path = "../../../Downloads/matt-mcinerney_raleway/Raleway-ExtraBold.ttf"; sourceTree = "<group>"; };
		4C1A012E1F3573A30055702F /* Raleway-ExtraLight.ttf */ = {isa = PBXFileReference; lastKnownFileType = file; name = "Raleway-ExtraLight.ttf"; path = "../../../Downloads/matt-mcinerney_raleway/Raleway-ExtraLight.ttf"; sourceTree = "<group>"; };
		4C1A012F1F3573A30055702F /* Raleway-Heavy.ttf */ = {isa = PBXFileReference; lastKnownFileType = file; name = "Raleway-Heavy.ttf"; path = "../../../Downloads/matt-mcinerney_raleway/Raleway-Heavy.ttf"; sourceTree = "<group>"; };
		4C1A01301F3573A30055702F /* Raleway-Light.ttf */ = {isa = PBXFileReference; lastKnownFileType = file; name = "Raleway-Light.ttf"; path = "../../../Downloads/matt-mcinerney_raleway/Raleway-Light.ttf"; sourceTree = "<group>"; };
		4C1A01311F3573A30055702F /* Raleway-Medium.ttf */ = {isa = PBXFileReference; lastKnownFileType = file; name = "Raleway-Medium.ttf"; path = "../../../Downloads/matt-mcinerney_raleway/Raleway-Medium.ttf"; sourceTree = "<group>"; };
		4C1A01321F3573A30055702F /* Raleway-Regular.ttf */ = {isa = PBXFileReference; lastKnownFileType = file; name = "Raleway-Regular.ttf"; path = "../../../Downloads/matt-mcinerney_raleway/Raleway-Regular.ttf"; sourceTree = "<group>"; };
		4C1A01331F3573A30055702F /* Raleway-SemiBold.ttf */ = {isa = PBXFileReference; lastKnownFileType = file; name = "Raleway-SemiBold.ttf"; path = "../../../Downloads/matt-mcinerney_raleway/Raleway-SemiBold.ttf"; sourceTree = "<group>"; };
		4C1A01341F3573A30055702F /* Raleway-Thin.ttf */ = {isa = PBXFileReference; lastKnownFileType = file; name = "Raleway-Thin.ttf"; path = "../../../Downloads/matt-mcinerney_raleway/Raleway-Thin.ttf"; sourceTree = "<group>"; };
		4C1A013F1F3576420055702F /* UIFont+Extension.swift */ = {isa = PBXFileReference; fileEncoding = 4; lastKnownFileType = sourcecode.swift; path = "UIFont+Extension.swift"; sourceTree = "<group>"; };
		4C1A01411F357B400055702F /* UILabel+Extension.swift */ = {isa = PBXFileReference; fileEncoding = 4; lastKnownFileType = sourcecode.swift; path = "UILabel+Extension.swift"; sourceTree = "<group>"; };
		4C1A01431F357F4E0055702F /* UIButton+Extension.swift */ = {isa = PBXFileReference; fileEncoding = 4; lastKnownFileType = sourcecode.swift; path = "UIButton+Extension.swift"; sourceTree = "<group>"; };
		4C1A01451F358D1D0055702F /* PostsFooterView.swift */ = {isa = PBXFileReference; fileEncoding = 4; lastKnownFileType = sourcecode.swift; path = PostsFooterView.swift; sourceTree = "<group>"; };
		4C1A01471F358DBE0055702F /* PostsFooterView.xib */ = {isa = PBXFileReference; fileEncoding = 4; lastKnownFileType = file.xib; path = PostsFooterView.xib; sourceTree = "<group>"; };
		4C1A01491F363ABE0055702F /* CoreLocation.framework */ = {isa = PBXFileReference; lastKnownFileType = wrapper.framework; name = CoreLocation.framework; path = System/Library/Frameworks/CoreLocation.framework; sourceTree = SDKROOT; };
		4C1A014D1F364CA30055702F /* MapsViewController.swift */ = {isa = PBXFileReference; fileEncoding = 4; lastKnownFileType = sourcecode.swift; path = MapsViewController.swift; sourceTree = "<group>"; };
		4C1A014F1F37474A0055702F /* PostsService.swift */ = {isa = PBXFileReference; fileEncoding = 4; lastKnownFileType = sourcecode.swift; path = PostsService.swift; sourceTree = "<group>"; };
		4C1A01511F374BA00055702F /* ComposeCommentCell.swift */ = {isa = PBXFileReference; fileEncoding = 4; lastKnownFileType = sourcecode.swift; path = ComposeCommentCell.swift; sourceTree = "<group>"; };
		4C6083BC2261ACD4DDE51A14 /* Pods-DramaChallengeAppTests.release.xcconfig */ = {isa = PBXFileReference; includeInIndex = 1; lastKnownFileType = text.xcconfig; name = "Pods-DramaChallengeAppTests.release.xcconfig"; path = "Pods/Target Support Files/Pods-DramaChallengeAppTests/Pods-DramaChallengeAppTests.release.xcconfig"; sourceTree = "<group>"; };
		4C8B42811F37F4D400C388D8 /* UIViewController+Extension.swift */ = {isa = PBXFileReference; fileEncoding = 4; lastKnownFileType = sourcecode.swift; path = "UIViewController+Extension.swift"; sourceTree = "<group>"; };
		4C9E81DD1F31B0D100263DDA /* DramaChallengeApp.app */ = {isa = PBXFileReference; explicitFileType = wrapper.application; includeInIndex = 0; path = DramaChallengeApp.app; sourceTree = BUILT_PRODUCTS_DIR; };
		4C9E81E01F31B0D100263DDA /* AppDelegate.swift */ = {isa = PBXFileReference; lastKnownFileType = sourcecode.swift; path = AppDelegate.swift; sourceTree = "<group>"; };
		4C9E81E21F31B0D100263DDA /* MainViewController.swift */ = {isa = PBXFileReference; lastKnownFileType = sourcecode.swift; path = MainViewController.swift; sourceTree = "<group>"; };
		4C9E81E51F31B0D100263DDA /* Base */ = {isa = PBXFileReference; lastKnownFileType = file.storyboard; name = Base; path = Base.lproj/Main.storyboard; sourceTree = "<group>"; };
		4C9E81E81F31B0D100263DDA /* DramaChallengeApp.xcdatamodel */ = {isa = PBXFileReference; lastKnownFileType = wrapper.xcdatamodel; path = DramaChallengeApp.xcdatamodel; sourceTree = "<group>"; };
		4C9E81EA1F31B0D100263DDA /* Assets.xcassets */ = {isa = PBXFileReference; lastKnownFileType = folder.assetcatalog; path = Assets.xcassets; sourceTree = "<group>"; };
		4C9E81ED1F31B0D100263DDA /* Base */ = {isa = PBXFileReference; lastKnownFileType = file.storyboard; name = Base; path = Base.lproj/LaunchScreen.storyboard; sourceTree = "<group>"; };
		4C9E81EF1F31B0D100263DDA /* Info.plist */ = {isa = PBXFileReference; lastKnownFileType = text.plist.xml; path = Info.plist; sourceTree = "<group>"; };
		4C9E81F41F31B0D100263DDA /* DramaChallengeAppTests.xctest */ = {isa = PBXFileReference; explicitFileType = wrapper.cfbundle; includeInIndex = 0; path = DramaChallengeAppTests.xctest; sourceTree = BUILT_PRODUCTS_DIR; };
		4C9E81F81F31B0D100263DDA /* DramaChallengeAppTests.swift */ = {isa = PBXFileReference; lastKnownFileType = sourcecode.swift; path = DramaChallengeAppTests.swift; sourceTree = "<group>"; };
		4C9E81FA1F31B0D100263DDA /* Info.plist */ = {isa = PBXFileReference; lastKnownFileType = text.plist.xml; path = Info.plist; sourceTree = "<group>"; };
		4C9E81FF1F31B0D100263DDA /* DramaChallengeAppUITests.xctest */ = {isa = PBXFileReference; explicitFileType = wrapper.cfbundle; includeInIndex = 0; path = DramaChallengeAppUITests.xctest; sourceTree = BUILT_PRODUCTS_DIR; };
		4C9E82031F31B0D200263DDA /* DramaChallengeAppUITests.swift */ = {isa = PBXFileReference; lastKnownFileType = sourcecode.swift; path = DramaChallengeAppUITests.swift; sourceTree = "<group>"; };
		4C9E82051F31B0D200263DDA /* Info.plist */ = {isa = PBXFileReference; lastKnownFileType = text.plist.xml; path = Info.plist; sourceTree = "<group>"; };
		4CAF91ED1F32A40E00F2556C /* NetworkRequestService.swift */ = {isa = PBXFileReference; fileEncoding = 4; lastKnownFileType = sourcecode.swift; path = NetworkRequestService.swift; sourceTree = "<group>"; };
		4CAF91EF1F32D93000F2556C /* UserEntity.swift */ = {isa = PBXFileReference; fileEncoding = 4; lastKnownFileType = sourcecode.swift; path = UserEntity.swift; sourceTree = "<group>"; };
		4CAF91F11F32D97400F2556C /* PhotoEntity.swift */ = {isa = PBXFileReference; fileEncoding = 4; lastKnownFileType = sourcecode.swift; path = PhotoEntity.swift; sourceTree = "<group>"; };
		4CAF91F41F33680D00F2556C /* FriendTableViewCell.swift */ = {isa = PBXFileReference; fileEncoding = 4; lastKnownFileType = sourcecode.swift; path = FriendTableViewCell.swift; sourceTree = "<group>"; };
		4CAF91F91F33801800F2556C /* FriendDashboardViewController.swift */ = {isa = PBXFileReference; fileEncoding = 4; lastKnownFileType = sourcecode.swift; path = FriendDashboardViewController.swift; sourceTree = "<group>"; };
		4CAF91FB1F33802B00F2556C /* FriendListViewController.swift */ = {isa = PBXFileReference; fileEncoding = 4; lastKnownFileType = sourcecode.swift; path = FriendListViewController.swift; sourceTree = "<group>"; };
		4CAF91FE1F33809500F2556C /* FriendDetailViewController.swift */ = {isa = PBXFileReference; fileEncoding = 4; lastKnownFileType = sourcecode.swift; path = FriendDetailViewController.swift; sourceTree = "<group>"; };
		4CAF92021F33817B00F2556C /* PhotosListViewController.swift */ = {isa = PBXFileReference; fileEncoding = 4; lastKnownFileType = sourcecode.swift; path = PhotosListViewController.swift; sourceTree = "<group>"; };
		4CAF92041F33818E00F2556C /* PhotoDetailViewController.swift */ = {isa = PBXFileReference; fileEncoding = 4; lastKnownFileType = sourcecode.swift; path = PhotoDetailViewController.swift; sourceTree = "<group>"; };
		4CAF92061F3381A700F2556C /* PostsListViewController.swift */ = {isa = PBXFileReference; fileEncoding = 4; lastKnownFileType = sourcecode.swift; path = PostsListViewController.swift; sourceTree = "<group>"; };
		4CAF92081F3381BE00F2556C /* PostDetailsViewController.swift */ = {isa = PBXFileReference; fileEncoding = 4; lastKnownFileType = sourcecode.swift; path = PostDetailsViewController.swift; sourceTree = "<group>"; };
		4CAF920B1F33929D00F2556C /* UserService.swift */ = {isa = PBXFileReference; fileEncoding = 4; lastKnownFileType = sourcecode.swift; path = UserService.swift; sourceTree = "<group>"; };
		4CAF920D1F33D4C400F2556C /* AbbreviatedPostCell.swift */ = {isa = PBXFileReference; fileEncoding = 4; lastKnownFileType = sourcecode.swift; path = AbbreviatedPostCell.swift; sourceTree = "<group>"; };
		4CAF920F1F33D56D00F2556C /* AbbreviatedPostView.swift */ = {isa = PBXFileReference; fileEncoding = 4; lastKnownFileType = sourcecode.swift; path = AbbreviatedPostView.swift; sourceTree = "<group>"; };
		4CAF92111F33D58000F2556C /* AbbreviatedPostView.xib */ = {isa = PBXFileReference; fileEncoding = 4; lastKnownFileType = file.xib; path = AbbreviatedPostView.xib; sourceTree = "<group>"; };
		4CAF92151F34024100F2556C /* PostContentCell.swift */ = {isa = PBXFileReference; fileEncoding = 4; lastKnownFileType = sourcecode.swift; path = PostContentCell.swift; sourceTree = "<group>"; };
		4CAF92191F34034300F2556C /* PostCommentCell.swift */ = {isa = PBXFileReference; fileEncoding = 4; lastKnownFileType = sourcecode.swift; path = PostCommentCell.swift; sourceTree = "<group>"; };
		4CAF921B1F342BBF00F2556C /* FriendsCarouselTableCell.swift */ = {isa = PBXFileReference; fileEncoding = 4; lastKnownFileType = sourcecode.swift; path = FriendsCarouselTableCell.swift; sourceTree = "<group>"; };
		4CAF921D1F342F0A00F2556C /* FriendsCarouselCollectionCell.swift */ = {isa = PBXFileReference; fileEncoding = 4; lastKnownFileType = sourcecode.swift; path = FriendsCarouselCollectionCell.swift; sourceTree = "<group>"; };
		4CAF92201F34358C00F2556C /* UIImageView+Extension.swift */ = {isa = PBXFileReference; fileEncoding = 4; lastKnownFileType = sourcecode.swift; path = "UIImageView+Extension.swift"; sourceTree = "<group>"; };
		4CAF92221F3495D800F2556C /* FriendProfileImageView.swift */ = {isa = PBXFileReference; fileEncoding = 4; lastKnownFileType = sourcecode.swift; path = FriendProfileImageView.swift; sourceTree = "<group>"; };
		4CAF92241F34AAE600F2556C /* UIColor+Extension.swift */ = {isa = PBXFileReference; fileEncoding = 4; lastKnownFileType = sourcecode.swift; path = "UIColor+Extension.swift"; sourceTree = "<group>"; };
		7C3AA65F8A85C67248F6F04C /* Pods-DramaChallengeAppUITests.release.xcconfig */ = {isa = PBXFileReference; includeInIndex = 1; lastKnownFileType = text.xcconfig; name = "Pods-DramaChallengeAppUITests.release.xcconfig"; path = "Pods/Target Support Files/Pods-DramaChallengeAppUITests/Pods-DramaChallengeAppUITests.release.xcconfig"; sourceTree = "<group>"; };
		A6D8BE2DFE8B8E016DEB5298 /* Pods-DramaChallengeApp.release.xcconfig */ = {isa = PBXFileReference; includeInIndex = 1; lastKnownFileType = text.xcconfig; name = "Pods-DramaChallengeApp.release.xcconfig"; path = "Pods/Target Support Files/Pods-DramaChallengeApp/Pods-DramaChallengeApp.release.xcconfig"; sourceTree = "<group>"; };
		AC474F140FF5C570E4D01D87 /* Pods-DramaChallengeApp.debug.xcconfig */ = {isa = PBXFileReference; includeInIndex = 1; lastKnownFileType = text.xcconfig; name = "Pods-DramaChallengeApp.debug.xcconfig"; path = "Pods/Target Support Files/Pods-DramaChallengeApp/Pods-DramaChallengeApp.debug.xcconfig"; sourceTree = "<group>"; };
		EACF1806C9F5B99BF0CB8B8A /* Pods_DramaChallengeAppTests.framework */ = {isa = PBXFileReference; explicitFileType = wrapper.framework; includeInIndex = 0; path = Pods_DramaChallengeAppTests.framework; sourceTree = BUILT_PRODUCTS_DIR; };
/* End PBXFileReference section */

/* Begin PBXFrameworksBuildPhase section */
		4C9E81DA1F31B0D100263DDA /* Frameworks */ = {
			isa = PBXFrameworksBuildPhase;
			buildActionMask = 2147483647;
			files = (
				4C1A014A1F363ABE0055702F /* CoreLocation.framework in Frameworks */,
				5B12206906693D3811729EA6 /* Pods_DramaChallengeApp.framework in Frameworks */,
			);
			runOnlyForDeploymentPostprocessing = 0;
		};
		4C9E81F11F31B0D100263DDA /* Frameworks */ = {
			isa = PBXFrameworksBuildPhase;
			buildActionMask = 2147483647;
			files = (
				CE615D14759CBBF484A4C285 /* Pods_DramaChallengeAppTests.framework in Frameworks */,
			);
			runOnlyForDeploymentPostprocessing = 0;
		};
		4C9E81FC1F31B0D100263DDA /* Frameworks */ = {
			isa = PBXFrameworksBuildPhase;
			buildActionMask = 2147483647;
			files = (
				58D79F10DD1BDBD519A0E4FC /* Pods_DramaChallengeAppUITests.framework in Frameworks */,
			);
			runOnlyForDeploymentPostprocessing = 0;
		};
/* End PBXFrameworksBuildPhase section */

/* Begin PBXGroup section */
		4C1A01271F34DF8E0055702F /* Photos */ = {
			isa = PBXGroup;
			children = (
				4C1A01251F34DB2F0055702F /* PhotosCarouselTableCell.swift */,
				4C1A01281F34DFA30055702F /* PhotosCarouselCollectionCell.swift */,
			);
			name = Photos;
			sourceTree = "<group>";
		};
		4C1A012A1F3572EF0055702F /* Resources */ = {
			isa = PBXGroup;
			children = (
				4C1A012B1F3573A30055702F /* OFL.txt */,
				4C1A012C1F3573A30055702F /* Raleway-Bold.ttf */,
				4C1A012D1F3573A30055702F /* Raleway-ExtraBold.ttf */,
				4C1A012E1F3573A30055702F /* Raleway-ExtraLight.ttf */,
				4C1A012F1F3573A30055702F /* Raleway-Heavy.ttf */,
				4C1A01301F3573A30055702F /* Raleway-Light.ttf */,
				4C1A01311F3573A30055702F /* Raleway-Medium.ttf */,
				4C1A01321F3573A30055702F /* Raleway-Regular.ttf */,
				4C1A01331F3573A30055702F /* Raleway-SemiBold.ttf */,
				4C1A01341F3573A30055702F /* Raleway-Thin.ttf */,
			);
			name = Resources;
			sourceTree = "<group>";
		};
		4C9E81D41F31B0D100263DDA = {
			isa = PBXGroup;
			children = (
				4C9E81DF1F31B0D100263DDA /* DramaChallengeApp */,
				4C9E81F71F31B0D100263DDA /* DramaChallengeAppTests */,
				4C9E82021F31B0D100263DDA /* DramaChallengeAppUITests */,
				4C9E81DE1F31B0D100263DDA /* Products */,
				AA7957DD9E4BCA90D2220ADC /* Pods */,
				E463B41CC11DB2B1D2C9F076 /* Frameworks */,
			);
			sourceTree = "<group>";
		};
		4C9E81DE1F31B0D100263DDA /* Products */ = {
			isa = PBXGroup;
			children = (
				4C9E81DD1F31B0D100263DDA /* DramaChallengeApp.app */,
				4C9E81F41F31B0D100263DDA /* DramaChallengeAppTests.xctest */,
				4C9E81FF1F31B0D100263DDA /* DramaChallengeAppUITests.xctest */,
			);
			name = Products;
			sourceTree = "<group>";
		};
		4C9E81DF1F31B0D100263DDA /* DramaChallengeApp */ = {
			isa = PBXGroup;
			children = (
				4C1A012A1F3572EF0055702F /* Resources */,
				4CAF921F1F34356700F2556C /* Extensions */,
				4CAF920A1F33927F00F2556C /* Services */,
				4CAF91EC1F32A22000F2556C /* Models */,
				4CAF91F31F3367E100F2556C /* Views */,
				4CAF91F61F337FCE00F2556C /* Controllers */,
				4C9E81E01F31B0D100263DDA /* AppDelegate.swift */,
				4CAF91F41F33680D00F2556C /* FriendTableViewCell.swift */,
				4C9E81E41F31B0D100263DDA /* Main.storyboard */,
				4C9E81EA1F31B0D100263DDA /* Assets.xcassets */,
				4C9E81EC1F31B0D100263DDA /* LaunchScreen.storyboard */,
				4C9E81EF1F31B0D100263DDA /* Info.plist */,
				4C9E81E71F31B0D100263DDA /* DramaChallengeApp.xcdatamodeld */,
			);
			path = DramaChallengeApp;
			sourceTree = "<group>";
		};
		4C9E81F71F31B0D100263DDA /* DramaChallengeAppTests */ = {
			isa = PBXGroup;
			children = (
				4C9E81F81F31B0D100263DDA /* DramaChallengeAppTests.swift */,
				4C9E81FA1F31B0D100263DDA /* Info.plist */,
			);
			path = DramaChallengeAppTests;
			sourceTree = "<group>";
		};
		4C9E82021F31B0D100263DDA /* DramaChallengeAppUITests */ = {
			isa = PBXGroup;
			children = (
				4C9E82031F31B0D200263DDA /* DramaChallengeAppUITests.swift */,
				4C9E82051F31B0D200263DDA /* Info.plist */,
			);
			path = DramaChallengeAppUITests;
			sourceTree = "<group>";
		};
		4CAF91EC1F32A22000F2556C /* Models */ = {
			isa = PBXGroup;
			children = (
				4CAF91ED1F32A40E00F2556C /* NetworkRequestService.swift */,
				4CAF91EF1F32D93000F2556C /* UserEntity.swift */,
				4CAF91F11F32D97400F2556C /* PhotoEntity.swift */,
			);
			name = Models;
			sourceTree = "<group>";
		};
		4CAF91F31F3367E100F2556C /* Views */ = {
			isa = PBXGroup;
			children = (
				4C1A01451F358D1D0055702F /* PostsFooterView.swift */,
				4C1A01471F358DBE0055702F /* PostsFooterView.xib */,
				4C1A01271F34DF8E0055702F /* Photos */,
				4CAF92181F34030C00F2556C /* Friends */,
				4CAF92171F34030400F2556C /* Posts */,
			);
			name = Views;
			sourceTree = "<group>";
		};
		4CAF91F61F337FCE00F2556C /* Controllers */ = {
			isa = PBXGroup;
			children = (
				4CAF92011F3380FD00F2556C /* Photos */,
				4CAF92001F3380F600F2556C /* Posts */,
				4CAF91FD1F33803E00F2556C /* Friends */,
				4C9E81E21F31B0D100263DDA /* MainViewController.swift */,
				4C1A014D1F364CA30055702F /* MapsViewController.swift */,
			);
			name = Controllers;
			sourceTree = "<group>";
		};
		4CAF91FD1F33803E00F2556C /* Friends */ = {
			isa = PBXGroup;
			children = (
				4CAF91FB1F33802B00F2556C /* FriendListViewController.swift */,
				4CAF91F91F33801800F2556C /* FriendDashboardViewController.swift */,
				4CAF91FE1F33809500F2556C /* FriendDetailViewController.swift */,
			);
			name = Friends;
			sourceTree = "<group>";
		};
		4CAF92001F3380F600F2556C /* Posts */ = {
			isa = PBXGroup;
			children = (
				4CAF92061F3381A700F2556C /* PostsListViewController.swift */,
				4CAF92081F3381BE00F2556C /* PostDetailsViewController.swift */,
				4C0E209A1F3787C600E9FB04 /* ComposeCommentViewController.swift */,
			);
			name = Posts;
			sourceTree = "<group>";
		};
		4CAF92011F3380FD00F2556C /* Photos */ = {
			isa = PBXGroup;
			children = (
				4CAF92021F33817B00F2556C /* PhotosListViewController.swift */,
				4CAF92041F33818E00F2556C /* PhotoDetailViewController.swift */,
			);
			name = Photos;
			sourceTree = "<group>";
		};
		4CAF920A1F33927F00F2556C /* Services */ = {
			isa = PBXGroup;
			children = (
				4CAF920B1F33929D00F2556C /* UserService.swift */,
				4C1A014F1F37474A0055702F /* PostsService.swift */,
			);
			name = Services;
			sourceTree = "<group>";
		};
		4CAF92171F34030400F2556C /* Posts */ = {
			isa = PBXGroup;
			children = (
				4CAF920D1F33D4C400F2556C /* AbbreviatedPostCell.swift */,
				4CAF920F1F33D56D00F2556C /* AbbreviatedPostView.swift */,
				4CAF92111F33D58000F2556C /* AbbreviatedPostView.xib */,
				4CAF92151F34024100F2556C /* PostContentCell.swift */,
				4CAF92191F34034300F2556C /* PostCommentCell.swift */,
				4C1A01511F374BA00055702F /* ComposeCommentCell.swift */,
			);
			name = Posts;
			sourceTree = "<group>";
		};
		4CAF92181F34030C00F2556C /* Friends */ = {
			isa = PBXGroup;
			children = (
				4CAF921B1F342BBF00F2556C /* FriendsCarouselTableCell.swift */,
				4CAF921D1F342F0A00F2556C /* FriendsCarouselCollectionCell.swift */,
				4CAF92221F3495D800F2556C /* FriendProfileImageView.swift */,
			);
			name = Friends;
			sourceTree = "<group>";
		};
		4CAF921F1F34356700F2556C /* Extensions */ = {
			isa = PBXGroup;
			children = (
				4CAF92201F34358C00F2556C /* UIImageView+Extension.swift */,
				4CAF92241F34AAE600F2556C /* UIColor+Extension.swift */,
				4C1A013F1F3576420055702F /* UIFont+Extension.swift */,
				4C1A01411F357B400055702F /* UILabel+Extension.swift */,
				4C1A01431F357F4E0055702F /* UIButton+Extension.swift */,
				4C8B42811F37F4D400C388D8 /* UIViewController+Extension.swift */,
			);
			name = Extensions;
			sourceTree = "<group>";
		};
		AA7957DD9E4BCA90D2220ADC /* Pods */ = {
			isa = PBXGroup;
			children = (
				AC474F140FF5C570E4D01D87 /* Pods-DramaChallengeApp.debug.xcconfig */,
				A6D8BE2DFE8B8E016DEB5298 /* Pods-DramaChallengeApp.release.xcconfig */,
				374A67EF9D443C584961E900 /* Pods-DramaChallengeAppTests.debug.xcconfig */,
				4C6083BC2261ACD4DDE51A14 /* Pods-DramaChallengeAppTests.release.xcconfig */,
				393B295B2367180D877304BC /* Pods-DramaChallengeAppUITests.debug.xcconfig */,
				7C3AA65F8A85C67248F6F04C /* Pods-DramaChallengeAppUITests.release.xcconfig */,
			);
			name = Pods;
			sourceTree = "<group>";
		};
		E463B41CC11DB2B1D2C9F076 /* Frameworks */ = {
			isa = PBXGroup;
			children = (
				4C1A01491F363ABE0055702F /* CoreLocation.framework */,
				318D9E92DE450B8BFEB2889E /* Pods_DramaChallengeApp.framework */,
				EACF1806C9F5B99BF0CB8B8A /* Pods_DramaChallengeAppTests.framework */,
				30BBB27404D49D35B79F2E07 /* Pods_DramaChallengeAppUITests.framework */,
			);
			name = Frameworks;
			sourceTree = "<group>";
		};
/* End PBXGroup section */

/* Begin PBXNativeTarget section */
		4C9E81DC1F31B0D100263DDA /* DramaChallengeApp */ = {
			isa = PBXNativeTarget;
			buildConfigurationList = 4C9E82081F31B0D200263DDA /* Build configuration list for PBXNativeTarget "DramaChallengeApp" */;
			buildPhases = (
				831FF22052DE2BABE28259F6 /* [CP] Check Pods Manifest.lock */,
				4C9E81D91F31B0D100263DDA /* Sources */,
				4C9E81DA1F31B0D100263DDA /* Frameworks */,
				4C9E81DB1F31B0D100263DDA /* Resources */,
				6C97E361E82DAE6DC9F42FD2 /* [CP] Embed Pods Frameworks */,
				EA0EE03E08A4B3A003ABBB3F /* [CP] Copy Pods Resources */,
			);
			buildRules = (
			);
			dependencies = (
			);
			name = DramaChallengeApp;
			productName = DramaChallengeApp;
			productReference = 4C9E81DD1F31B0D100263DDA /* DramaChallengeApp.app */;
			productType = "com.apple.product-type.application";
		};
		4C9E81F31F31B0D100263DDA /* DramaChallengeAppTests */ = {
			isa = PBXNativeTarget;
			buildConfigurationList = 4C9E820B1F31B0D200263DDA /* Build configuration list for PBXNativeTarget "DramaChallengeAppTests" */;
			buildPhases = (
				C85F40D83EB7433370E2DE55 /* [CP] Check Pods Manifest.lock */,
				4C9E81F01F31B0D100263DDA /* Sources */,
				4C9E81F11F31B0D100263DDA /* Frameworks */,
				4C9E81F21F31B0D100263DDA /* Resources */,
				47DE3585EE10592589F44B6A /* [CP] Embed Pods Frameworks */,
				FC1A7550538A8DFA25C3E7E4 /* [CP] Copy Pods Resources */,
			);
			buildRules = (
			);
			dependencies = (
				4C9E81F61F31B0D100263DDA /* PBXTargetDependency */,
			);
			name = DramaChallengeAppTests;
			productName = DramaChallengeAppTests;
			productReference = 4C9E81F41F31B0D100263DDA /* DramaChallengeAppTests.xctest */;
			productType = "com.apple.product-type.bundle.unit-test";
		};
		4C9E81FE1F31B0D100263DDA /* DramaChallengeAppUITests */ = {
			isa = PBXNativeTarget;
			buildConfigurationList = 4C9E820E1F31B0D200263DDA /* Build configuration list for PBXNativeTarget "DramaChallengeAppUITests" */;
			buildPhases = (
				18602EDC5EEA44DCFFAE71E9 /* [CP] Check Pods Manifest.lock */,
				4C9E81FB1F31B0D100263DDA /* Sources */,
				4C9E81FC1F31B0D100263DDA /* Frameworks */,
				4C9E81FD1F31B0D100263DDA /* Resources */,
				2AADD56ABDAAADEFF986F96D /* [CP] Embed Pods Frameworks */,
				566E8163CEC73F3529AB1222 /* [CP] Copy Pods Resources */,
			);
			buildRules = (
			);
			dependencies = (
				4C9E82011F31B0D100263DDA /* PBXTargetDependency */,
			);
			name = DramaChallengeAppUITests;
			productName = DramaChallengeAppUITests;
			productReference = 4C9E81FF1F31B0D100263DDA /* DramaChallengeAppUITests.xctest */;
			productType = "com.apple.product-type.bundle.ui-testing";
		};
/* End PBXNativeTarget section */

/* Begin PBXProject section */
		4C9E81D51F31B0D100263DDA /* Project object */ = {
			isa = PBXProject;
			attributes = {
				LastSwiftUpdateCheck = 0830;
				LastUpgradeCheck = 0830;
				ORGANIZATIONNAME = "Rashad, Inc";
				TargetAttributes = {
					4C9E81DC1F31B0D100263DDA = {
						CreatedOnToolsVersion = 8.3.3;
						DevelopmentTeam = XYNM954255;
						ProvisioningStyle = Automatic;
					};
					4C9E81F31F31B0D100263DDA = {
						CreatedOnToolsVersion = 8.3.3;
						DevelopmentTeam = XYNM954255;
						ProvisioningStyle = Automatic;
						TestTargetID = 4C9E81DC1F31B0D100263DDA;
					};
					4C9E81FE1F31B0D100263DDA = {
						CreatedOnToolsVersion = 8.3.3;
						DevelopmentTeam = XYNM954255;
						ProvisioningStyle = Automatic;
						TestTargetID = 4C9E81DC1F31B0D100263DDA;
					};
				};
			};
			buildConfigurationList = 4C9E81D81F31B0D100263DDA /* Build configuration list for PBXProject "DramaChallengeApp" */;
			compatibilityVersion = "Xcode 3.2";
			developmentRegion = English;
			hasScannedForEncodings = 0;
			knownRegions = (
				en,
				Base,
			);
			mainGroup = 4C9E81D41F31B0D100263DDA;
			productRefGroup = 4C9E81DE1F31B0D100263DDA /* Products */;
			projectDirPath = "";
			projectRoot = "";
			targets = (
				4C9E81DC1F31B0D100263DDA /* DramaChallengeApp */,
				4C9E81F31F31B0D100263DDA /* DramaChallengeAppTests */,
				4C9E81FE1F31B0D100263DDA /* DramaChallengeAppUITests */,
			);
		};
/* End PBXProject section */

/* Begin PBXResourcesBuildPhase section */
		4C9E81DB1F31B0D100263DDA /* Resources */ = {
			isa = PBXResourcesBuildPhase;
			buildActionMask = 2147483647;
			files = (
				4C1A01381F3573A30055702F /* Raleway-ExtraLight.ttf in Resources */,
				4C1A013A1F3573A30055702F /* Raleway-Light.ttf in Resources */,
				4C1A01351F3573A30055702F /* OFL.txt in Resources */,
				4C1A01361F3573A30055702F /* Raleway-Bold.ttf in Resources */,
				4C9E81EE1F31B0D100263DDA /* LaunchScreen.storyboard in Resources */,
				4C1A01481F358DBE0055702F /* PostsFooterView.xib in Resources */,
				4C9E81EB1F31B0D100263DDA /* Assets.xcassets in Resources */,
				4CAF92121F33D58000F2556C /* AbbreviatedPostView.xib in Resources */,
				4C1A013C1F3573A30055702F /* Raleway-Regular.ttf in Resources */,
				4C9E81E61F31B0D100263DDA /* Main.storyboard in Resources */,
				4C1A013D1F3573A30055702F /* Raleway-SemiBold.ttf in Resources */,
				4C1A013B1F3573A30055702F /* Raleway-Medium.ttf in Resources */,
				4C1A01371F3573A30055702F /* Raleway-ExtraBold.ttf in Resources */,
				4C1A01391F3573A30055702F /* Raleway-Heavy.ttf in Resources */,
				4C1A013E1F3573A30055702F /* Raleway-Thin.ttf in Resources */,
			);
			runOnlyForDeploymentPostprocessing = 0;
		};
		4C9E81F21F31B0D100263DDA /* Resources */ = {
			isa = PBXResourcesBuildPhase;
			buildActionMask = 2147483647;
			files = (
			);
			runOnlyForDeploymentPostprocessing = 0;
		};
		4C9E81FD1F31B0D100263DDA /* Resources */ = {
			isa = PBXResourcesBuildPhase;
			buildActionMask = 2147483647;
			files = (
			);
			runOnlyForDeploymentPostprocessing = 0;
		};
/* End PBXResourcesBuildPhase section */

/* Begin PBXShellScriptBuildPhase section */
		18602EDC5EEA44DCFFAE71E9 /* [CP] Check Pods Manifest.lock */ = {
			isa = PBXShellScriptBuildPhase;
			buildActionMask = 2147483647;
			files = (
			);
			inputPaths = (
			);
			name = "[CP] Check Pods Manifest.lock";
			outputPaths = (
			);
			runOnlyForDeploymentPostprocessing = 0;
			shellPath = /bin/sh;
			shellScript = "diff \"${PODS_ROOT}/../Podfile.lock\" \"${PODS_ROOT}/Manifest.lock\" > /dev/null\nif [ $? != 0 ] ; then\n    # print error to STDERR\n    echo \"error: The sandbox is not in sync with the Podfile.lock. Run 'pod install' or update your CocoaPods installation.\" >&2\n    exit 1\nfi\n";
			showEnvVarsInLog = 0;
		};
		2AADD56ABDAAADEFF986F96D /* [CP] Embed Pods Frameworks */ = {
			isa = PBXShellScriptBuildPhase;
			buildActionMask = 2147483647;
			files = (
			);
			inputPaths = (
			);
			name = "[CP] Embed Pods Frameworks";
			outputPaths = (
			);
			runOnlyForDeploymentPostprocessing = 0;
			shellPath = /bin/sh;
			shellScript = "\"${SRCROOT}/Pods/Target Support Files/Pods-DramaChallengeAppUITests/Pods-DramaChallengeAppUITests-frameworks.sh\"\n";
			showEnvVarsInLog = 0;
		};
		47DE3585EE10592589F44B6A /* [CP] Embed Pods Frameworks */ = {
			isa = PBXShellScriptBuildPhase;
			buildActionMask = 2147483647;
			files = (
			);
			inputPaths = (
			);
			name = "[CP] Embed Pods Frameworks";
			outputPaths = (
			);
			runOnlyForDeploymentPostprocessing = 0;
			shellPath = /bin/sh;
			shellScript = "\"${SRCROOT}/Pods/Target Support Files/Pods-DramaChallengeAppTests/Pods-DramaChallengeAppTests-frameworks.sh\"\n";
			showEnvVarsInLog = 0;
		};
		566E8163CEC73F3529AB1222 /* [CP] Copy Pods Resources */ = {
			isa = PBXShellScriptBuildPhase;
			buildActionMask = 2147483647;
			files = (
			);
			inputPaths = (
			);
			name = "[CP] Copy Pods Resources";
			outputPaths = (
			);
			runOnlyForDeploymentPostprocessing = 0;
			shellPath = /bin/sh;
			shellScript = "\"${SRCROOT}/Pods/Target Support Files/Pods-DramaChallengeAppUITests/Pods-DramaChallengeAppUITests-resources.sh\"\n";
			showEnvVarsInLog = 0;
		};
		6C97E361E82DAE6DC9F42FD2 /* [CP] Embed Pods Frameworks */ = {
			isa = PBXShellScriptBuildPhase;
			buildActionMask = 2147483647;
			files = (
			);
			inputPaths = (
			);
			name = "[CP] Embed Pods Frameworks";
			outputPaths = (
			);
			runOnlyForDeploymentPostprocessing = 0;
			shellPath = /bin/sh;
			shellScript = "\"${SRCROOT}/Pods/Target Support Files/Pods-DramaChallengeApp/Pods-DramaChallengeApp-frameworks.sh\"\n";
			showEnvVarsInLog = 0;
		};
		831FF22052DE2BABE28259F6 /* [CP] Check Pods Manifest.lock */ = {
			isa = PBXShellScriptBuildPhase;
			buildActionMask = 2147483647;
			files = (
			);
			inputPaths = (
			);
			name = "[CP] Check Pods Manifest.lock";
			outputPaths = (
			);
			runOnlyForDeploymentPostprocessing = 0;
			shellPath = /bin/sh;
			shellScript = "diff \"${PODS_ROOT}/../Podfile.lock\" \"${PODS_ROOT}/Manifest.lock\" > /dev/null\nif [ $? != 0 ] ; then\n    # print error to STDERR\n    echo \"error: The sandbox is not in sync with the Podfile.lock. Run 'pod install' or update your CocoaPods installation.\" >&2\n    exit 1\nfi\n";
			showEnvVarsInLog = 0;
		};
		C85F40D83EB7433370E2DE55 /* [CP] Check Pods Manifest.lock */ = {
			isa = PBXShellScriptBuildPhase;
			buildActionMask = 2147483647;
			files = (
			);
			inputPaths = (
			);
			name = "[CP] Check Pods Manifest.lock";
			outputPaths = (
			);
			runOnlyForDeploymentPostprocessing = 0;
			shellPath = /bin/sh;
			shellScript = "diff \"${PODS_ROOT}/../Podfile.lock\" \"${PODS_ROOT}/Manifest.lock\" > /dev/null\nif [ $? != 0 ] ; then\n    # print error to STDERR\n    echo \"error: The sandbox is not in sync with the Podfile.lock. Run 'pod install' or update your CocoaPods installation.\" >&2\n    exit 1\nfi\n";
			showEnvVarsInLog = 0;
		};
		EA0EE03E08A4B3A003ABBB3F /* [CP] Copy Pods Resources */ = {
			isa = PBXShellScriptBuildPhase;
			buildActionMask = 2147483647;
			files = (
			);
			inputPaths = (
			);
			name = "[CP] Copy Pods Resources";
			outputPaths = (
			);
			runOnlyForDeploymentPostprocessing = 0;
			shellPath = /bin/sh;
			shellScript = "\"${SRCROOT}/Pods/Target Support Files/Pods-DramaChallengeApp/Pods-DramaChallengeApp-resources.sh\"\n";
			showEnvVarsInLog = 0;
		};
		FC1A7550538A8DFA25C3E7E4 /* [CP] Copy Pods Resources */ = {
			isa = PBXShellScriptBuildPhase;
			buildActionMask = 2147483647;
			files = (
			);
			inputPaths = (
			);
			name = "[CP] Copy Pods Resources";
			outputPaths = (
			);
			runOnlyForDeploymentPostprocessing = 0;
			shellPath = /bin/sh;
			shellScript = "\"${SRCROOT}/Pods/Target Support Files/Pods-DramaChallengeAppTests/Pods-DramaChallengeAppTests-resources.sh\"\n";
			showEnvVarsInLog = 0;
		};
/* End PBXShellScriptBuildPhase section */

/* Begin PBXSourcesBuildPhase section */
		4C9E81D91F31B0D100263DDA /* Sources */ = {
			isa = PBXSourcesBuildPhase;
			buildActionMask = 2147483647;
			files = (
				4CAF921E1F342F0A00F2556C /* FriendsCarouselCollectionCell.swift in Sources */,
				4CAF92051F33818E00F2556C /* PhotoDetailViewController.swift in Sources */,
				4CAF91FC1F33802B00F2556C /* FriendListViewController.swift in Sources */,
				4CAF92031F33817B00F2556C /* PhotosListViewController.swift in Sources */,
				4CAF92161F34024100F2556C /* PostContentCell.swift in Sources */,
				4CAF920E1F33D4C400F2556C /* AbbreviatedPostCell.swift in Sources */,
				4C1A01401F3576420055702F /* UIFont+Extension.swift in Sources */,
				4CAF921C1F342BBF00F2556C /* FriendsCarouselTableCell.swift in Sources */,
				4CAF91FA1F33801800F2556C /* FriendDashboardViewController.swift in Sources */,
				4CAF92101F33D56D00F2556C /* AbbreviatedPostView.swift in Sources */,
				4C1A01441F357F4E0055702F /* UIButton+Extension.swift in Sources */,
				4CAF92071F3381A700F2556C /* PostsListViewController.swift in Sources */,
				4CAF91FF1F33809500F2556C /* FriendDetailViewController.swift in Sources */,
				4C1A01261F34DB300055702F /* PhotosCarouselTableCell.swift in Sources */,
				4C9E81E31F31B0D100263DDA /* MainViewController.swift in Sources */,
				4C9E81E91F31B0D100263DDA /* DramaChallengeApp.xcdatamodeld in Sources */,
				4CAF91EE1F32A40E00F2556C /* NetworkRequestService.swift in Sources */,
				4C0E209B1F3787C600E9FB04 /* ComposeCommentViewController.swift in Sources */,
				4C8B42821F37F4D400C388D8 /* UIViewController+Extension.swift in Sources */,
				4CAF921A1F34034300F2556C /* PostCommentCell.swift in Sources */,
				4CAF92251F34AAE600F2556C /* UIColor+Extension.swift in Sources */,
				4CAF92091F3381BE00F2556C /* PostDetailsViewController.swift in Sources */,
				4C1A014E1F364CA30055702F /* MapsViewController.swift in Sources */,
				4CAF91F01F32D93000F2556C /* UserEntity.swift in Sources */,
				4C1A01521F374BA00055702F /* ComposeCommentCell.swift in Sources */,
				4C9E81E11F31B0D100263DDA /* AppDelegate.swift in Sources */,
				4C1A01501F37474A0055702F /* PostsService.swift in Sources */,
				4CAF92211F34358C00F2556C /* UIImageView+Extension.swift in Sources */,
				4CAF920C1F33929D00F2556C /* UserService.swift in Sources */,
				4CAF91F21F32D97400F2556C /* PhotoEntity.swift in Sources */,
				4C1A01421F357B400055702F /* UILabel+Extension.swift in Sources */,
				4CAF92231F3495D800F2556C /* FriendProfileImageView.swift in Sources */,
				4C1A01291F34DFA30055702F /* PhotosCarouselCollectionCell.swift in Sources */,
				4CAF91F51F33680D00F2556C /* FriendTableViewCell.swift in Sources */,
				4C1A01461F358D1D0055702F /* PostsFooterView.swift in Sources */,
			);
			runOnlyForDeploymentPostprocessing = 0;
		};
		4C9E81F01F31B0D100263DDA /* Sources */ = {
			isa = PBXSourcesBuildPhase;
			buildActionMask = 2147483647;
			files = (
				4C9E81F91F31B0D100263DDA /* DramaChallengeAppTests.swift in Sources */,
			);
			runOnlyForDeploymentPostprocessing = 0;
		};
		4C9E81FB1F31B0D100263DDA /* Sources */ = {
			isa = PBXSourcesBuildPhase;
			buildActionMask = 2147483647;
			files = (
				4C9E82041F31B0D200263DDA /* DramaChallengeAppUITests.swift in Sources */,
			);
			runOnlyForDeploymentPostprocessing = 0;
		};
/* End PBXSourcesBuildPhase section */

/* Begin PBXTargetDependency section */
		4C9E81F61F31B0D100263DDA /* PBXTargetDependency */ = {
			isa = PBXTargetDependency;
			target = 4C9E81DC1F31B0D100263DDA /* DramaChallengeApp */;
			targetProxy = 4C9E81F51F31B0D100263DDA /* PBXContainerItemProxy */;
		};
		4C9E82011F31B0D100263DDA /* PBXTargetDependency */ = {
			isa = PBXTargetDependency;
			target = 4C9E81DC1F31B0D100263DDA /* DramaChallengeApp */;
			targetProxy = 4C9E82001F31B0D100263DDA /* PBXContainerItemProxy */;
		};
/* End PBXTargetDependency section */

/* Begin PBXVariantGroup section */
		4C9E81E41F31B0D100263DDA /* Main.storyboard */ = {
			isa = PBXVariantGroup;
			children = (
				4C9E81E51F31B0D100263DDA /* Base */,
			);
			name = Main.storyboard;
			sourceTree = "<group>";
		};
		4C9E81EC1F31B0D100263DDA /* LaunchScreen.storyboard */ = {
			isa = PBXVariantGroup;
			children = (
				4C9E81ED1F31B0D100263DDA /* Base */,
			);
			name = LaunchScreen.storyboard;
			sourceTree = "<group>";
		};
/* End PBXVariantGroup section */

/* Begin XCBuildConfiguration section */
		4C9E82061F31B0D200263DDA /* Debug */ = {
			isa = XCBuildConfiguration;
			buildSettings = {
				ALWAYS_SEARCH_USER_PATHS = NO;
				CLANG_ANALYZER_NONNULL = YES;
				CLANG_ANALYZER_NUMBER_OBJECT_CONVERSION = YES_AGGRESSIVE;
				CLANG_CXX_LANGUAGE_STANDARD = "gnu++0x";
				CLANG_CXX_LIBRARY = "libc++";
				CLANG_ENABLE_MODULES = YES;
				CLANG_ENABLE_OBJC_ARC = YES;
				CLANG_WARN_BOOL_CONVERSION = YES;
				CLANG_WARN_CONSTANT_CONVERSION = YES;
				CLANG_WARN_DIRECT_OBJC_ISA_USAGE = YES_ERROR;
				CLANG_WARN_DOCUMENTATION_COMMENTS = YES;
				CLANG_WARN_EMPTY_BODY = YES;
				CLANG_WARN_ENUM_CONVERSION = YES;
				CLANG_WARN_INFINITE_RECURSION = YES;
				CLANG_WARN_INT_CONVERSION = YES;
				CLANG_WARN_OBJC_ROOT_CLASS = YES_ERROR;
				CLANG_WARN_SUSPICIOUS_MOVE = YES;
				CLANG_WARN_UNREACHABLE_CODE = YES;
				CLANG_WARN__DUPLICATE_METHOD_MATCH = YES;
				"CODE_SIGN_IDENTITY[sdk=iphoneos*]" = "iPhone Developer";
				COPY_PHASE_STRIP = NO;
				DEBUG_INFORMATION_FORMAT = dwarf;
				ENABLE_STRICT_OBJC_MSGSEND = YES;
				ENABLE_TESTABILITY = YES;
				GCC_C_LANGUAGE_STANDARD = gnu99;
				GCC_DYNAMIC_NO_PIC = NO;
				GCC_NO_COMMON_BLOCKS = YES;
				GCC_OPTIMIZATION_LEVEL = 0;
				GCC_PREPROCESSOR_DEFINITIONS = (
					"DEBUG=1",
					"$(inherited)",
				);
				GCC_WARN_64_TO_32_BIT_CONVERSION = YES;
				GCC_WARN_ABOUT_RETURN_TYPE = YES_ERROR;
				GCC_WARN_UNDECLARED_SELECTOR = YES;
				GCC_WARN_UNINITIALIZED_AUTOS = YES_AGGRESSIVE;
				GCC_WARN_UNUSED_FUNCTION = YES;
				GCC_WARN_UNUSED_VARIABLE = YES;
				IPHONEOS_DEPLOYMENT_TARGET = 10.3;
				MTL_ENABLE_DEBUG_INFO = YES;
				ONLY_ACTIVE_ARCH = YES;
				SDKROOT = iphoneos;
				SWIFT_ACTIVE_COMPILATION_CONDITIONS = DEBUG;
				SWIFT_OPTIMIZATION_LEVEL = "-Onone";
			};
			name = Debug;
		};
		4C9E82071F31B0D200263DDA /* Release */ = {
			isa = XCBuildConfiguration;
			buildSettings = {
				ALWAYS_SEARCH_USER_PATHS = NO;
				CLANG_ANALYZER_NONNULL = YES;
				CLANG_ANALYZER_NUMBER_OBJECT_CONVERSION = YES_AGGRESSIVE;
				CLANG_CXX_LANGUAGE_STANDARD = "gnu++0x";
				CLANG_CXX_LIBRARY = "libc++";
				CLANG_ENABLE_MODULES = YES;
				CLANG_ENABLE_OBJC_ARC = YES;
				CLANG_WARN_BOOL_CONVERSION = YES;
				CLANG_WARN_CONSTANT_CONVERSION = YES;
				CLANG_WARN_DIRECT_OBJC_ISA_USAGE = YES_ERROR;
				CLANG_WARN_DOCUMENTATION_COMMENTS = YES;
				CLANG_WARN_EMPTY_BODY = YES;
				CLANG_WARN_ENUM_CONVERSION = YES;
				CLANG_WARN_INFINITE_RECURSION = YES;
				CLANG_WARN_INT_CONVERSION = YES;
				CLANG_WARN_OBJC_ROOT_CLASS = YES_ERROR;
				CLANG_WARN_SUSPICIOUS_MOVE = YES;
				CLANG_WARN_UNREACHABLE_CODE = YES;
				CLANG_WARN__DUPLICATE_METHOD_MATCH = YES;
				"CODE_SIGN_IDENTITY[sdk=iphoneos*]" = "iPhone Developer";
				COPY_PHASE_STRIP = NO;
				DEBUG_INFORMATION_FORMAT = "dwarf-with-dsym";
				ENABLE_NS_ASSERTIONS = NO;
				ENABLE_STRICT_OBJC_MSGSEND = YES;
				GCC_C_LANGUAGE_STANDARD = gnu99;
				GCC_NO_COMMON_BLOCKS = YES;
				GCC_WARN_64_TO_32_BIT_CONVERSION = YES;
				GCC_WARN_ABOUT_RETURN_TYPE = YES_ERROR;
				GCC_WARN_UNDECLARED_SELECTOR = YES;
				GCC_WARN_UNINITIALIZED_AUTOS = YES_AGGRESSIVE;
				GCC_WARN_UNUSED_FUNCTION = YES;
				GCC_WARN_UNUSED_VARIABLE = YES;
				IPHONEOS_DEPLOYMENT_TARGET = 10.3;
				MTL_ENABLE_DEBUG_INFO = NO;
				SDKROOT = iphoneos;
				SWIFT_OPTIMIZATION_LEVEL = "-Owholemodule";
				VALIDATE_PRODUCT = YES;
			};
			name = Release;
		};
		4C9E82091F31B0D200263DDA /* Debug */ = {
			isa = XCBuildConfiguration;
			baseConfigurationReference = AC474F140FF5C570E4D01D87 /* Pods-DramaChallengeApp.debug.xcconfig */;
			buildSettings = {
				ASSETCATALOG_COMPILER_APPICON_NAME = AppIcon;
				DEVELOPMENT_TEAM = XYNM954255;
				INFOPLIST_FILE = DramaChallengeApp/Info.plist;
				LD_RUNPATH_SEARCH_PATHS = "$(inherited) @executable_path/Frameworks";
				PRODUCT_BUNDLE_IDENTIFIER = com.rashad.DramaChallengeApp;
				PRODUCT_NAME = "$(TARGET_NAME)";
				SWIFT_VERSION = 3.0;
			};
			name = Debug;
		};
		4C9E820A1F31B0D200263DDA /* Release */ = {
			isa = XCBuildConfiguration;
			baseConfigurationReference = A6D8BE2DFE8B8E016DEB5298 /* Pods-DramaChallengeApp.release.xcconfig */;
			buildSettings = {
				ASSETCATALOG_COMPILER_APPICON_NAME = AppIcon;
				DEVELOPMENT_TEAM = XYNM954255;
				INFOPLIST_FILE = DramaChallengeApp/Info.plist;
				LD_RUNPATH_SEARCH_PATHS = "$(inherited) @executable_path/Frameworks";
				PRODUCT_BUNDLE_IDENTIFIER = com.rashad.DramaChallengeApp;
				PRODUCT_NAME = "$(TARGET_NAME)";
				SWIFT_VERSION = 3.0;
			};
			name = Release;
		};
		4C9E820C1F31B0D200263DDA /* Debug */ = {
			isa = XCBuildConfiguration;
			baseConfigurationReference = 374A67EF9D443C584961E900 /* Pods-DramaChallengeAppTests.debug.xcconfig */;
			buildSettings = {
				ALWAYS_EMBED_SWIFT_STANDARD_LIBRARIES = YES;
				BUNDLE_LOADER = "$(TEST_HOST)";
				DEVELOPMENT_TEAM = XYNM954255;
				INFOPLIST_FILE = DramaChallengeAppTests/Info.plist;
				LD_RUNPATH_SEARCH_PATHS = "$(inherited) @executable_path/Frameworks @loader_path/Frameworks";
				PRODUCT_BUNDLE_IDENTIFIER = com.rashad.DramaChallengeAppTests;
				PRODUCT_NAME = "$(TARGET_NAME)";
				SWIFT_VERSION = 3.0;
				TEST_HOST = "$(BUILT_PRODUCTS_DIR)/DramaChallengeApp.app/DramaChallengeApp";
			};
			name = Debug;
		};
		4C9E820D1F31B0D200263DDA /* Release */ = {
			isa = XCBuildConfiguration;
			baseConfigurationReference = 4C6083BC2261ACD4DDE51A14 /* Pods-DramaChallengeAppTests.release.xcconfig */;
			buildSettings = {
				ALWAYS_EMBED_SWIFT_STANDARD_LIBRARIES = YES;
				BUNDLE_LOADER = "$(TEST_HOST)";
				DEVELOPMENT_TEAM = XYNM954255;
				INFOPLIST_FILE = DramaChallengeAppTests/Info.plist;
				LD_RUNPATH_SEARCH_PATHS = "$(inherited) @executable_path/Frameworks @loader_path/Frameworks";
				PRODUCT_BUNDLE_IDENTIFIER = com.rashad.DramaChallengeAppTests;
				PRODUCT_NAME = "$(TARGET_NAME)";
				SWIFT_VERSION = 3.0;
				TEST_HOST = "$(BUILT_PRODUCTS_DIR)/DramaChallengeApp.app/DramaChallengeApp";
			};
			name = Release;
		};
		4C9E820F1F31B0D200263DDA /* Debug */ = {
			isa = XCBuildConfiguration;
			baseConfigurationReference = 393B295B2367180D877304BC /* Pods-DramaChallengeAppUITests.debug.xcconfig */;
			buildSettings = {
				ALWAYS_EMBED_SWIFT_STANDARD_LIBRARIES = YES;
				DEVELOPMENT_TEAM = XYNM954255;
				INFOPLIST_FILE = DramaChallengeAppUITests/Info.plist;
				LD_RUNPATH_SEARCH_PATHS = "$(inherited) @executable_path/Frameworks @loader_path/Frameworks";
				PRODUCT_BUNDLE_IDENTIFIER = com.rashad.DramaChallengeAppUITests;
				PRODUCT_NAME = "$(TARGET_NAME)";
				SWIFT_VERSION = 3.0;
				TEST_TARGET_NAME = DramaChallengeApp;
			};
			name = Debug;
		};
		4C9E82101F31B0D200263DDA /* Release */ = {
			isa = XCBuildConfiguration;
			baseConfigurationReference = 7C3AA65F8A85C67248F6F04C /* Pods-DramaChallengeAppUITests.release.xcconfig */;
			buildSettings = {
				ALWAYS_EMBED_SWIFT_STANDARD_LIBRARIES = YES;
				DEVELOPMENT_TEAM = XYNM954255;
				INFOPLIST_FILE = DramaChallengeAppUITests/Info.plist;
				LD_RUNPATH_SEARCH_PATHS = "$(inherited) @executable_path/Frameworks @loader_path/Frameworks";
				PRODUCT_BUNDLE_IDENTIFIER = com.rashad.DramaChallengeAppUITests;
				PRODUCT_NAME = "$(TARGET_NAME)";
				SWIFT_VERSION = 3.0;
				TEST_TARGET_NAME = DramaChallengeApp;
			};
			name = Release;
		};
/* End XCBuildConfiguration section */

/* Begin XCConfigurationList section */
		4C9E81D81F31B0D100263DDA /* Build configuration list for PBXProject "DramaChallengeApp" */ = {
			isa = XCConfigurationList;
			buildConfigurations = (
				4C9E82061F31B0D200263DDA /* Debug */,
				4C9E82071F31B0D200263DDA /* Release */,
			);
			defaultConfigurationIsVisible = 0;
			defaultConfigurationName = Release;
		};
		4C9E82081F31B0D200263DDA /* Build configuration list for PBXNativeTarget "DramaChallengeApp" */ = {
			isa = XCConfigurationList;
			buildConfigurations = (
				4C9E82091F31B0D200263DDA /* Debug */,
				4C9E820A1F31B0D200263DDA /* Release */,
			);
			defaultConfigurationIsVisible = 0;
			defaultConfigurationName = Release;
		};
		4C9E820B1F31B0D200263DDA /* Build configuration list for PBXNativeTarget "DramaChallengeAppTests" */ = {
			isa = XCConfigurationList;
			buildConfigurations = (
				4C9E820C1F31B0D200263DDA /* Debug */,
				4C9E820D1F31B0D200263DDA /* Release */,
			);
			defaultConfigurationIsVisible = 0;
			defaultConfigurationName = Release;
		};
		4C9E820E1F31B0D200263DDA /* Build configuration list for PBXNativeTarget "DramaChallengeAppUITests" */ = {
			isa = XCConfigurationList;
			buildConfigurations = (
				4C9E820F1F31B0D200263DDA /* Debug */,
				4C9E82101F31B0D200263DDA /* Release */,
			);
			defaultConfigurationIsVisible = 0;
			defaultConfigurationName = Release;
		};
/* End XCConfigurationList section */

/* Begin XCVersionGroup section */
		4C9E81E71F31B0D100263DDA /* DramaChallengeApp.xcdatamodeld */ = {
			isa = XCVersionGroup;
			children = (
				4C9E81E81F31B0D100263DDA /* DramaChallengeApp.xcdatamodel */,
			);
			currentVersion = 4C9E81E81F31B0D100263DDA /* DramaChallengeApp.xcdatamodel */;
			path = DramaChallengeApp.xcdatamodeld;
			sourceTree = "<group>";
			versionGroupType = wrapper.xcdatamodel;
		};
/* End XCVersionGroup section */
	};
	rootObject = 4C9E81D51F31B0D100263DDA /* Project object */;
}
